// !$*UTF8*$!
{
	archiveVersion = 1;
	classes = {
	};
	objectVersion = 54;
	objects = {

/* Begin PBXAggregateTarget section */
		1A1217A628E4F17700FBD206 /* libgit2-aggregate */ = {
			isa = PBXAggregateTarget;
			buildConfigurationList = 1A1217A728E4F17700FBD206 /* Build configuration list for PBXAggregateTarget "libgit2-aggregate" */;
			buildPhases = (
			);
			dependencies = (
				1A1217B328E4F3E300FBD206 /* PBXTargetDependency */,
			);
			name = "libgit2-aggregate";
			productName = "libgit2-aggregate";
		};
		5E94DFF82BEE95FB00D1CFC4 /* BNI_SwiftPlaygrounds */ = {
			isa = PBXAggregateTarget;
			buildConfigurationList = 5E94DFFB2BEE95FB00D1CFC4 /* Build configuration list for PBXAggregateTarget "BNI_SwiftPlaygrounds" */;
			buildPhases = (
			);
			dependencies = (
				5E94DFFD2BEE960C00D1CFC4 /* PBXTargetDependency */,
			);
			name = BNI_SwiftPlaygrounds;
			productName = BNI_SwiftPlaygrounds;
		};
/* End PBXAggregateTarget section */

/* Begin PBXBuildFile section */
		151055B22B89C9FF00067B44 /* buf.c in Sources */ = {isa = PBXBuildFile; fileRef = 151055A12B89C9FF00067B44 /* buf.c */; };
		151055B32B89C9FF00067B44 /* commit_list.c in Sources */ = {isa = PBXBuildFile; fileRef = 151055A22B89C9FF00067B44 /* commit_list.c */; };
		151055B42B89C9FF00067B44 /* attr_file.c in Sources */ = {isa = PBXBuildFile; fileRef = 151055A32B89C9FF00067B44 /* attr_file.c */; };
		151055B52B89C9FF00067B44 /* checkout.c in Sources */ = {isa = PBXBuildFile; fileRef = 151055A42B89C9FF00067B44 /* checkout.c */; };
		151055B62B89C9FF00067B44 /* blame_git.c in Sources */ = {isa = PBXBuildFile; fileRef = 151055A52B89C9FF00067B44 /* blame_git.c */; };
		151055B72B89C9FF00067B44 /* cherrypick.c in Sources */ = {isa = PBXBuildFile; fileRef = 151055A62B89C9FF00067B44 /* cherrypick.c */; };
		151055B82B89C9FF00067B44 /* commit.c in Sources */ = {isa = PBXBuildFile; fileRef = 151055A72B89C9FF00067B44 /* commit.c */; };
		151055B92B89C9FF00067B44 /* attr.c in Sources */ = {isa = PBXBuildFile; fileRef = 151055A82B89C9FF00067B44 /* attr.c */; };
		151055BA2B89C9FF00067B44 /* blame.c in Sources */ = {isa = PBXBuildFile; fileRef = 151055A92B89C9FF00067B44 /* blame.c */; };
		151055BB2B89C9FF00067B44 /* clone.c in Sources */ = {isa = PBXBuildFile; fileRef = 151055AA2B89C9FF00067B44 /* clone.c */; };
		151055BC2B89C9FF00067B44 /* annotated_commit.c in Sources */ = {isa = PBXBuildFile; fileRef = 151055AB2B89C9FF00067B44 /* annotated_commit.c */; };
		151055BD2B89C9FF00067B44 /* branch.c in Sources */ = {isa = PBXBuildFile; fileRef = 151055AC2B89C9FF00067B44 /* branch.c */; };
		151055BE2B89C9FF00067B44 /* apply.c in Sources */ = {isa = PBXBuildFile; fileRef = 151055AD2B89C9FF00067B44 /* apply.c */; };
		151055BF2B89C9FF00067B44 /* attrcache.c in Sources */ = {isa = PBXBuildFile; fileRef = 151055AE2B89C9FF00067B44 /* attrcache.c */; };
		151055C02B89C9FF00067B44 /* cache.c in Sources */ = {isa = PBXBuildFile; fileRef = 151055AF2B89C9FF00067B44 /* cache.c */; };
		151055C12B89C9FF00067B44 /* commit_graph.c in Sources */ = {isa = PBXBuildFile; fileRef = 151055B02B89C9FF00067B44 /* commit_graph.c */; };
		151055C22B89C9FF00067B44 /* blob.c in Sources */ = {isa = PBXBuildFile; fileRef = 151055B12B89C9FF00067B44 /* blob.c */; };
		151055CD2B89CA3B00067B44 /* config_entries.c in Sources */ = {isa = PBXBuildFile; fileRef = 151055C32B89CA3B00067B44 /* config_entries.c */; };
		151055CE2B89CA3B00067B44 /* config_file.c in Sources */ = {isa = PBXBuildFile; fileRef = 151055C42B89CA3B00067B44 /* config_file.c */; };
		151055CF2B89CA3B00067B44 /* config.c in Sources */ = {isa = PBXBuildFile; fileRef = 151055C52B89CA3B00067B44 /* config.c */; };
		151055D02B89CA3B00067B44 /* config_cache.c in Sources */ = {isa = PBXBuildFile; fileRef = 151055C62B89CA3B00067B44 /* config_cache.c */; };
		151055D12B89CA3B00067B44 /* config_parse.c in Sources */ = {isa = PBXBuildFile; fileRef = 151055C72B89CA3B00067B44 /* config_parse.c */; };
		151055D22B89CA3B00067B44 /* crlf.c in Sources */ = {isa = PBXBuildFile; fileRef = 151055C82B89CA3B00067B44 /* crlf.c */; };
		151055D32B89CA3B00067B44 /* describe.c in Sources */ = {isa = PBXBuildFile; fileRef = 151055C92B89CA3B00067B44 /* describe.c */; };
		151055D42B89CA3B00067B44 /* config_snapshot.c in Sources */ = {isa = PBXBuildFile; fileRef = 151055CA2B89CA3B00067B44 /* config_snapshot.c */; };
		151055D52B89CA3B00067B44 /* delta.c in Sources */ = {isa = PBXBuildFile; fileRef = 151055CB2B89CA3B00067B44 /* delta.c */; };
		151055D62B89CA3B00067B44 /* config_mem.c in Sources */ = {isa = PBXBuildFile; fileRef = 151055CC2B89CA3B00067B44 /* config_mem.c */; };
		151055EC2B89CAC800067B44 /* index.c in Sources */ = {isa = PBXBuildFile; fileRef = 151055D72B89CAC800067B44 /* index.c */; };
		151055ED2B89CAC800067B44 /* diff_stats.c in Sources */ = {isa = PBXBuildFile; fileRef = 151055D82B89CAC800067B44 /* diff_stats.c */; };
		151055EE2B89CAC800067B44 /* errors.c in Sources */ = {isa = PBXBuildFile; fileRef = 151055D92B89CAC800067B44 /* errors.c */; };
		151055EF2B89CAC800067B44 /* fetch.c in Sources */ = {isa = PBXBuildFile; fileRef = 151055DA2B89CAC800067B44 /* fetch.c */; };
		151055F02B89CAC800067B44 /* email.c in Sources */ = {isa = PBXBuildFile; fileRef = 151055DB2B89CAC800067B44 /* email.c */; };
		151055F12B89CAC800067B44 /* diff_file.c in Sources */ = {isa = PBXBuildFile; fileRef = 151055DC2B89CAC800067B44 /* diff_file.c */; };
		151055F22B89CAC800067B44 /* ident.c in Sources */ = {isa = PBXBuildFile; fileRef = 151055DD2B89CAC800067B44 /* ident.c */; };
		151055F32B89CAC800067B44 /* diff.c in Sources */ = {isa = PBXBuildFile; fileRef = 151055DE2B89CAC800067B44 /* diff.c */; };
		151055F42B89CAC800067B44 /* idxmap.c in Sources */ = {isa = PBXBuildFile; fileRef = 151055DF2B89CAC800067B44 /* idxmap.c */; };
		151055F52B89CAC800067B44 /* diff_driver.c in Sources */ = {isa = PBXBuildFile; fileRef = 151055E02B89CAC800067B44 /* diff_driver.c */; };
		151055F62B89CAC800067B44 /* diff_xdiff.c in Sources */ = {isa = PBXBuildFile; fileRef = 151055E12B89CAC800067B44 /* diff_xdiff.c */; };
		151055F72B89CAC800067B44 /* diff_generate.c in Sources */ = {isa = PBXBuildFile; fileRef = 151055E22B89CAC800067B44 /* diff_generate.c */; };
		151055F82B89CAC800067B44 /* diff_print.c in Sources */ = {isa = PBXBuildFile; fileRef = 151055E32B89CAC800067B44 /* diff_print.c */; };
		151055F92B89CAC800067B44 /* graph.c in Sources */ = {isa = PBXBuildFile; fileRef = 151055E42B89CAC800067B44 /* graph.c */; };
		151055FA2B89CAC800067B44 /* filter.c in Sources */ = {isa = PBXBuildFile; fileRef = 151055E52B89CAC800067B44 /* filter.c */; };
		151055FB2B89CAC800067B44 /* diff_parse.c in Sources */ = {isa = PBXBuildFile; fileRef = 151055E62B89CAC800067B44 /* diff_parse.c */; };
		151055FC2B89CAC800067B44 /* hashsig.c in Sources */ = {isa = PBXBuildFile; fileRef = 151055E72B89CAC800067B44 /* hashsig.c */; };
		151055FD2B89CAC800067B44 /* diff_tform.c in Sources */ = {isa = PBXBuildFile; fileRef = 151055E82B89CAC800067B44 /* diff_tform.c */; };
		151055FE2B89CAC800067B44 /* fetchhead.c in Sources */ = {isa = PBXBuildFile; fileRef = 151055E92B89CAC800067B44 /* fetchhead.c */; };
		151055FF2B89CAC800067B44 /* grafts.c in Sources */ = {isa = PBXBuildFile; fileRef = 151055EA2B89CAC800067B44 /* grafts.c */; };
		151056002B89CAC800067B44 /* ignore.c in Sources */ = {isa = PBXBuildFile; fileRef = 151055EB2B89CAC800067B44 /* ignore.c */; };
		151056302B89CB5100067B44 /* midx.c in Sources */ = {isa = PBXBuildFile; fileRef = 151056012B89CB4F00067B44 /* midx.c */; };
		151056312B89CB5100067B44 /* pathspec.c in Sources */ = {isa = PBXBuildFile; fileRef = 151056022B89CB4F00067B44 /* pathspec.c */; };
		151056322B89CB5100067B44 /* oidmap.c in Sources */ = {isa = PBXBuildFile; fileRef = 151056032B89CB4F00067B44 /* oidmap.c */; };
		151056332B89CB5100067B44 /* refs.c in Sources */ = {isa = PBXBuildFile; fileRef = 151056042B89CB4F00067B44 /* refs.c */; };
		151056342B89CB5100067B44 /* status.c in Sources */ = {isa = PBXBuildFile; fileRef = 151056052B89CB4F00067B44 /* status.c */; };
		151056352B89CB5100067B44 /* odb.c in Sources */ = {isa = PBXBuildFile; fileRef = 151056062B89CB4F00067B44 /* odb.c */; };
		151056362B89CB5100067B44 /* indexer.c in Sources */ = {isa = PBXBuildFile; fileRef = 151056072B89CB4F00067B44 /* indexer.c */; };
		151056372B89CB5100067B44 /* iterator.c in Sources */ = {isa = PBXBuildFile; fileRef = 151056082B89CB4F00067B44 /* iterator.c */; };
		151056382B89CB5100067B44 /* patch.c in Sources */ = {isa = PBXBuildFile; fileRef = 151056092B89CB4F00067B44 /* patch.c */; };
		151056392B89CB5100067B44 /* reader.c in Sources */ = {isa = PBXBuildFile; fileRef = 1510560A2B89CB4F00067B44 /* reader.c */; };
		1510563A2B89CB5100067B44 /* notes.c in Sources */ = {isa = PBXBuildFile; fileRef = 1510560B2B89CB4F00067B44 /* notes.c */; };
		1510563B2B89CB5100067B44 /* proxy.c in Sources */ = {isa = PBXBuildFile; fileRef = 1510560C2B89CB4F00067B44 /* proxy.c */; };
		1510563C2B89CB5100067B44 /* reflog.c in Sources */ = {isa = PBXBuildFile; fileRef = 1510560D2B89CB5000067B44 /* reflog.c */; };
		1510563D2B89CB5100067B44 /* message.c in Sources */ = {isa = PBXBuildFile; fileRef = 1510560E2B89CB5000067B44 /* message.c */; };
		1510563E2B89CB5100067B44 /* revert.c in Sources */ = {isa = PBXBuildFile; fileRef = 1510560F2B89CB5000067B44 /* revert.c */; };
		1510563F2B89CB5100067B44 /* odb_pack.c in Sources */ = {isa = PBXBuildFile; fileRef = 151056102B89CB5000067B44 /* odb_pack.c */; };
		151056402B89CB5100067B44 /* strarray.c in Sources */ = {isa = PBXBuildFile; fileRef = 151056112B89CB5000067B44 /* strarray.c */; };
		151056412B89CB5100067B44 /* refdb_fs.c in Sources */ = {isa = PBXBuildFile; fileRef = 151056122B89CB5000067B44 /* refdb_fs.c */; };
		151056422B89CB5100067B44 /* merge_file.c in Sources */ = {isa = PBXBuildFile; fileRef = 151056132B89CB5000067B44 /* merge_file.c */; };
		151056432B89CB5100067B44 /* revwalk.c in Sources */ = {isa = PBXBuildFile; fileRef = 151056142B89CB5000067B44 /* revwalk.c */; };
		151056442B89CB5100067B44 /* remote.c in Sources */ = {isa = PBXBuildFile; fileRef = 151056152B89CB5000067B44 /* remote.c */; };
		151056452B89CB5100067B44 /* refdb.c in Sources */ = {isa = PBXBuildFile; fileRef = 151056162B89CB5000067B44 /* refdb.c */; };
		151056462B89CB5100067B44 /* pack.c in Sources */ = {isa = PBXBuildFile; fileRef = 151056172B89CB5000067B44 /* pack.c */; };
		151056472B89CB5100067B44 /* odb_mempack.c in Sources */ = {isa = PBXBuildFile; fileRef = 151056182B89CB5000067B44 /* odb_mempack.c */; };
		151056482B89CB5100067B44 /* signature.c in Sources */ = {isa = PBXBuildFile; fileRef = 151056192B89CB5000067B44 /* signature.c */; };
		151056492B89CB5100067B44 /* merge_driver.c in Sources */ = {isa = PBXBuildFile; fileRef = 1510561A2B89CB5000067B44 /* merge_driver.c */; };
		1510564A2B89CB5100067B44 /* odb_loose.c in Sources */ = {isa = PBXBuildFile; fileRef = 1510561B2B89CB5000067B44 /* odb_loose.c */; };
		1510564B2B89CB5100067B44 /* rebase.c in Sources */ = {isa = PBXBuildFile; fileRef = 1510561C2B89CB5000067B44 /* rebase.c */; };
		1510564C2B89CB5100067B44 /* offmap.c in Sources */ = {isa = PBXBuildFile; fileRef = 1510561D2B89CB5000067B44 /* offmap.c */; };
		1510564D2B89CB5100067B44 /* path.c in Sources */ = {isa = PBXBuildFile; fileRef = 1510561E2B89CB5000067B44 /* path.c */; };
		1510564E2B89CB5100067B44 /* oid.c in Sources */ = {isa = PBXBuildFile; fileRef = 1510561F2B89CB5000067B44 /* oid.c */; };
		1510564F2B89CB5100067B44 /* libgit2.c in Sources */ = {isa = PBXBuildFile; fileRef = 151056202B89CB5000067B44 /* libgit2.c */; };
		151056502B89CB5100067B44 /* stash.c in Sources */ = {isa = PBXBuildFile; fileRef = 151056212B89CB5000067B44 /* stash.c */; };
		151056512B89CB5100067B44 /* mwindow.c in Sources */ = {isa = PBXBuildFile; fileRef = 151056222B89CB5000067B44 /* mwindow.c */; };
		151056522B89CB5100067B44 /* mailmap.c in Sources */ = {isa = PBXBuildFile; fileRef = 151056232B89CB5000067B44 /* mailmap.c */; };
		151056532B89CB5100067B44 /* revparse.c in Sources */ = {isa = PBXBuildFile; fileRef = 151056242B89CB5000067B44 /* revparse.c */; };
		151056542B89CB5100067B44 /* oidarray.c in Sources */ = {isa = PBXBuildFile; fileRef = 151056252B89CB5000067B44 /* oidarray.c */; };
		151056552B89CB5100067B44 /* refspec.c in Sources */ = {isa = PBXBuildFile; fileRef = 151056262B89CB5000067B44 /* refspec.c */; };
		151056562B89CB5100067B44 /* merge.c in Sources */ = {isa = PBXBuildFile; fileRef = 151056272B89CB5000067B44 /* merge.c */; };
		151056572B89CB5100067B44 /* object_api.c in Sources */ = {isa = PBXBuildFile; fileRef = 151056282B89CB5000067B44 /* object_api.c */; };
		151056582B89CB5100067B44 /* patch_generate.c in Sources */ = {isa = PBXBuildFile; fileRef = 151056292B89CB5000067B44 /* patch_generate.c */; };
		151056592B89CB5100067B44 /* patch_parse.c in Sources */ = {isa = PBXBuildFile; fileRef = 1510562A2B89CB5000067B44 /* patch_parse.c */; };
		1510565A2B89CB5100067B44 /* push.c in Sources */ = {isa = PBXBuildFile; fileRef = 1510562B2B89CB5000067B44 /* push.c */; };
		1510565B2B89CB5100067B44 /* repository.c in Sources */ = {isa = PBXBuildFile; fileRef = 1510562C2B89CB5100067B44 /* repository.c */; };
		1510565C2B89CB5100067B44 /* object.c in Sources */ = {isa = PBXBuildFile; fileRef = 1510562D2B89CB5100067B44 /* object.c */; };
		1510565D2B89CB5100067B44 /* reset.c in Sources */ = {isa = PBXBuildFile; fileRef = 1510562E2B89CB5100067B44 /* reset.c */; };
		1510565E2B89CB5100067B44 /* parse.c in Sources */ = {isa = PBXBuildFile; fileRef = 1510562F2B89CB5100067B44 /* parse.c */; };
		151056692B89CB8E00067B44 /* trace.c in Sources */ = {isa = PBXBuildFile; fileRef = 1510565F2B89CB8D00067B44 /* trace.c */; };
		1510566A2B89CB8E00067B44 /* worktree.c in Sources */ = {isa = PBXBuildFile; fileRef = 151056602B89CB8D00067B44 /* worktree.c */; };
		1510566B2B89CB8E00067B44 /* transport.c in Sources */ = {isa = PBXBuildFile; fileRef = 151056612B89CB8D00067B44 /* transport.c */; };
		1510566C2B89CB8E00067B44 /* threadstate.c in Sources */ = {isa = PBXBuildFile; fileRef = 151056622B89CB8D00067B44 /* threadstate.c */; };
		1510566D2B89CB8E00067B44 /* transaction.c in Sources */ = {isa = PBXBuildFile; fileRef = 151056632B89CB8D00067B44 /* transaction.c */; };
		1510566E2B89CB8E00067B44 /* tree.c in Sources */ = {isa = PBXBuildFile; fileRef = 151056642B89CB8D00067B44 /* tree.c */; };
		1510566F2B89CB8E00067B44 /* sysdir.c in Sources */ = {isa = PBXBuildFile; fileRef = 151056652B89CB8D00067B44 /* sysdir.c */; };
		151056702B89CB8E00067B44 /* submodule.c in Sources */ = {isa = PBXBuildFile; fileRef = 151056662B89CB8D00067B44 /* submodule.c */; };
		151056712B89CB8E00067B44 /* tag.c in Sources */ = {isa = PBXBuildFile; fileRef = 151056672B89CB8E00067B44 /* tag.c */; };
		151056722B89CB8E00067B44 /* trailer.c in Sources */ = {isa = PBXBuildFile; fileRef = 151056682B89CB8E00067B44 /* trailer.c */; };
		1510567C2B89CBB700067B44 /* tls.c in Sources */ = {isa = PBXBuildFile; fileRef = 151056732B89CBB700067B44 /* tls.c */; };
		1510567D2B89CBB700067B44 /* openssl_legacy.c in Sources */ = {isa = PBXBuildFile; fileRef = 151056742B89CBB700067B44 /* openssl_legacy.c */; };
		1510567E2B89CBB700067B44 /* registry.c in Sources */ = {isa = PBXBuildFile; fileRef = 151056752B89CBB700067B44 /* registry.c */; };
		1510567F2B89CBB700067B44 /* stransport.c in Sources */ = {isa = PBXBuildFile; fileRef = 151056762B89CBB700067B44 /* stransport.c */; };
		151056802B89CBB700067B44 /* mbedtls.c in Sources */ = {isa = PBXBuildFile; fileRef = 151056772B89CBB700067B44 /* mbedtls.c */; };
		151056812B89CBB700067B44 /* openssl.c in Sources */ = {isa = PBXBuildFile; fileRef = 151056782B89CBB700067B44 /* openssl.c */; };
		151056822B89CBB700067B44 /* schannel.c in Sources */ = {isa = PBXBuildFile; fileRef = 151056792B89CBB700067B44 /* schannel.c */; };
		151056832B89CBB700067B44 /* socket.c in Sources */ = {isa = PBXBuildFile; fileRef = 1510567A2B89CBB700067B44 /* socket.c */; };
		151056842B89CBB700067B44 /* openssl_dynamic.c in Sources */ = {isa = PBXBuildFile; fileRef = 1510567B2B89CBB700067B44 /* openssl_dynamic.c */; };
		151056942B89CBED00067B44 /* smart_pkt.c in Sources */ = {isa = PBXBuildFile; fileRef = 151056852B89CBED00067B44 /* smart_pkt.c */; };
		151056952B89CBED00067B44 /* auth_sspi.c in Sources */ = {isa = PBXBuildFile; fileRef = 151056862B89CBED00067B44 /* auth_sspi.c */; };
		151056962B89CBED00067B44 /* auth.c in Sources */ = {isa = PBXBuildFile; fileRef = 151056872B89CBED00067B44 /* auth.c */; };
		151056972B89CBED00067B44 /* smart.c in Sources */ = {isa = PBXBuildFile; fileRef = 151056882B89CBED00067B44 /* smart.c */; };
		151056982B89CBED00067B44 /* http.c in Sources */ = {isa = PBXBuildFile; fileRef = 151056892B89CBED00067B44 /* http.c */; };
		1510569A2B89CBED00067B44 /* auth_gssapi.c in Sources */ = {isa = PBXBuildFile; fileRef = 1510568B2B89CBED00067B44 /* auth_gssapi.c */; };
		1510569B2B89CBED00067B44 /* local.c in Sources */ = {isa = PBXBuildFile; fileRef = 1510568C2B89CBED00067B44 /* local.c */; };
		1510569C2B89CBED00067B44 /* auth_ntlmclient.c in Sources */ = {isa = PBXBuildFile; fileRef = 1510568D2B89CBED00067B44 /* auth_ntlmclient.c */; };
		1510569D2B89CBED00067B44 /* smart_protocol.c in Sources */ = {isa = PBXBuildFile; fileRef = 1510568E2B89CBED00067B44 /* smart_protocol.c */; };
		1510569E2B89CBED00067B44 /* credential_helpers.c in Sources */ = {isa = PBXBuildFile; fileRef = 1510568F2B89CBED00067B44 /* credential_helpers.c */; };
		1510569F2B89CBED00067B44 /* credential.c in Sources */ = {isa = PBXBuildFile; fileRef = 151056902B89CBED00067B44 /* credential.c */; };
		151056A02B89CBED00067B44 /* httpclient.c in Sources */ = {isa = PBXBuildFile; fileRef = 151056912B89CBED00067B44 /* httpclient.c */; };
		151056A12B89CBED00067B44 /* ssh.c in Sources */ = {isa = PBXBuildFile; fileRef = 151056922B89CBED00067B44 /* ssh.c */; };
		151056A22B89CBED00067B44 /* git.c in Sources */ = {isa = PBXBuildFile; fileRef = 151056932B89CBED00067B44 /* git.c */; };
		151056A32B89CC2300067B44 /* winhttp.c in Sources */ = {isa = PBXBuildFile; fileRef = 1510568A2B89CBED00067B44 /* winhttp.c */; };
		151056A72B89D01100067B44 /* failalloc.c in Sources */ = {isa = PBXBuildFile; fileRef = 151056A42B89D01100067B44 /* failalloc.c */; };
		151056A82B89D01100067B44 /* win32_leakcheck.c in Sources */ = {isa = PBXBuildFile; fileRef = 151056A52B89D01100067B44 /* win32_leakcheck.c */; };
		151056A92B89D01100067B44 /* stdalloc.c in Sources */ = {isa = PBXBuildFile; fileRef = 151056A62B89D01100067B44 /* stdalloc.c */; };
		151056BA2B89D07600067B44 /* fs_path.c in Sources */ = {isa = PBXBuildFile; fileRef = 151056AA2B89D07500067B44 /* fs_path.c */; };
		151056BB2B89D07600067B44 /* alloc.c in Sources */ = {isa = PBXBuildFile; fileRef = 151056AB2B89D07500067B44 /* alloc.c */; };
		151056BC2B89D07600067B44 /* date.c in Sources */ = {isa = PBXBuildFile; fileRef = 151056AC2B89D07500067B44 /* date.c */; };
		151056BD2B89D07600067B44 /* net.c in Sources */ = {isa = PBXBuildFile; fileRef = 151056AD2B89D07500067B44 /* net.c */; };
		151056BE2B89D07600067B44 /* pqueue.c in Sources */ = {isa = PBXBuildFile; fileRef = 151056AE2B89D07500067B44 /* pqueue.c */; };
		151056BF2B89D07600067B44 /* posix.c in Sources */ = {isa = PBXBuildFile; fileRef = 151056AF2B89D07500067B44 /* posix.c */; };
		151056C02B89D07600067B44 /* str.c in Sources */ = {isa = PBXBuildFile; fileRef = 151056B02B89D07600067B44 /* str.c */; };
		151056C12B89D07600067B44 /* runtime.c in Sources */ = {isa = PBXBuildFile; fileRef = 151056B12B89D07600067B44 /* runtime.c */; };
		151056C22B89D07600067B44 /* rand.c in Sources */ = {isa = PBXBuildFile; fileRef = 151056B22B89D07600067B44 /* rand.c */; };
		151056C32B89D07600067B44 /* sortedcache.c in Sources */ = {isa = PBXBuildFile; fileRef = 151056B32B89D07600067B44 /* sortedcache.c */; };
		151056C42B89D07600067B44 /* futils.c in Sources */ = {isa = PBXBuildFile; fileRef = 151056B42B89D07600067B44 /* futils.c */; };
		151056C52B89D07600067B44 /* filebuf.c in Sources */ = {isa = PBXBuildFile; fileRef = 151056B52B89D07600067B44 /* filebuf.c */; };
		151056C62B89D07600067B44 /* strmap.c in Sources */ = {isa = PBXBuildFile; fileRef = 151056B62B89D07600067B44 /* strmap.c */; };
		151056C72B89D07600067B44 /* hash.c in Sources */ = {isa = PBXBuildFile; fileRef = 151056B72B89D07600067B44 /* hash.c */; };
		151056C82B89D07600067B44 /* regexp.c in Sources */ = {isa = PBXBuildFile; fileRef = 151056B82B89D07600067B44 /* regexp.c */; };
		151056C92B89D07600067B44 /* pool.c in Sources */ = {isa = PBXBuildFile; fileRef = 151056B92B89D07600067B44 /* pool.c */; };
		151056D22B89D09800067B44 /* utf8.c in Sources */ = {isa = PBXBuildFile; fileRef = 151056CA2B89D09700067B44 /* utf8.c */; };
		151056D32B89D09800067B44 /* tsort.c in Sources */ = {isa = PBXBuildFile; fileRef = 151056CB2B89D09700067B44 /* tsort.c */; };
		151056D42B89D09800067B44 /* zstream.c in Sources */ = {isa = PBXBuildFile; fileRef = 151056CC2B89D09700067B44 /* zstream.c */; };
		151056D52B89D09800067B44 /* thread.c in Sources */ = {isa = PBXBuildFile; fileRef = 151056CD2B89D09700067B44 /* thread.c */; };
		151056D62B89D09800067B44 /* wildmatch.c in Sources */ = {isa = PBXBuildFile; fileRef = 151056CE2B89D09700067B44 /* wildmatch.c */; };
		151056D72B89D09800067B44 /* util.c in Sources */ = {isa = PBXBuildFile; fileRef = 151056CF2B89D09700067B44 /* util.c */; };
		151056D82B89D09800067B44 /* varint.c in Sources */ = {isa = PBXBuildFile; fileRef = 151056D02B89D09700067B44 /* varint.c */; };
		151056D92B89D09800067B44 /* vector.c in Sources */ = {isa = PBXBuildFile; fileRef = 151056D12B89D09700067B44 /* vector.c */; };
		151056DC2B89D0AC00067B44 /* map.c in Sources */ = {isa = PBXBuildFile; fileRef = 151056DA2B89D0AC00067B44 /* map.c */; };
		151056DD2B89D0AC00067B44 /* realpath.c in Sources */ = {isa = PBXBuildFile; fileRef = 151056DB2B89D0AC00067B44 /* realpath.c */; };
		151056E12B89D0C700067B44 /* common_crypto.c in Sources */ = {isa = PBXBuildFile; fileRef = 151056DF2B89D0C700067B44 /* common_crypto.c */; };
		151056E42B89D0DE00067B44 /* ubc_check.c in Sources */ = {isa = PBXBuildFile; fileRef = 151056E22B89D0DE00067B44 /* ubc_check.c */; };
		151056E52B89D0DE00067B44 /* sha1.c in Sources */ = {isa = PBXBuildFile; fileRef = 151056E32B89D0DE00067B44 /* sha1.c */; };
		1515A77E2B89DA6D00EE537A /* http_parser.c in Sources */ = {isa = PBXBuildFile; fileRef = 1515A77D2B89DA6D00EE537A /* http_parser.c */; };
		1515A7832B89DAE200EE537A /* util.c in Sources */ = {isa = PBXBuildFile; fileRef = 1515A77F2B89DAE200EE537A /* util.c */; };
		1515A7842B89DAE200EE537A /* crypt_commoncrypto.c in Sources */ = {isa = PBXBuildFile; fileRef = 1515A7802B89DAE200EE537A /* crypt_commoncrypto.c */; };
		1515A7852B89DAE200EE537A /* unicode_iconv.c in Sources */ = {isa = PBXBuildFile; fileRef = 1515A7812B89DAE200EE537A /* unicode_iconv.c */; };
		1515A7862B89DAE200EE537A /* ntlm.c in Sources */ = {isa = PBXBuildFile; fileRef = 1515A7822B89DAE200EE537A /* ntlm.c */; };
		1515A78E2B89DB4B00EE537A /* xprepare.c in Sources */ = {isa = PBXBuildFile; fileRef = 1515A7872B89DB4B00EE537A /* xprepare.c */; };
		1515A78F2B89DB4B00EE537A /* xmerge.c in Sources */ = {isa = PBXBuildFile; fileRef = 1515A7882B89DB4B00EE537A /* xmerge.c */; };
		1515A7902B89DB4B00EE537A /* xutils.c in Sources */ = {isa = PBXBuildFile; fileRef = 1515A7892B89DB4B00EE537A /* xutils.c */; };
		1515A7912B89DB4B00EE537A /* xemit.c in Sources */ = {isa = PBXBuildFile; fileRef = 1515A78A2B89DB4B00EE537A /* xemit.c */; };
		1515A7922B89DB4B00EE537A /* xdiffi.c in Sources */ = {isa = PBXBuildFile; fileRef = 1515A78B2B89DB4B00EE537A /* xdiffi.c */; };
		1515A7932B89DB4B00EE537A /* xhistogram.c in Sources */ = {isa = PBXBuildFile; fileRef = 1515A78C2B89DB4B00EE537A /* xhistogram.c */; };
		1515A7942B89DB4B00EE537A /* xpatience.c in Sources */ = {isa = PBXBuildFile; fileRef = 1515A78D2B89DB4B00EE537A /* xpatience.c */; };
		1515A7962B89DDBD00EE537A /* pack-objects.c in Sources */ = {isa = PBXBuildFile; fileRef = 1515A7952B89DDBD00EE537A /* pack-objects.c */; };
		1515A7982B89DE0800EE537A /* tree-cache.c in Sources */ = {isa = PBXBuildFile; fileRef = 1515A7972B89DE0800EE537A /* tree-cache.c */; };
		5E6C93532BEEBD9500D4092F /* module.modulemap in Headers */ = {isa = PBXBuildFile; fileRef = 5E6C93522BEEB33F00D4092F /* module.modulemap */; settings = {ATTRIBUTES = (Public, ); }; };
		B775F33C1C3D929500B94367 /* GSS.framework in Frameworks */ = {isa = PBXBuildFile; fileRef = B775F33B1C3D929500B94367 /* GSS.framework */; };
		B77DA0E31BD9AC1500126F88 /* CoreFoundation.framework in Frameworks */ = {isa = PBXBuildFile; fileRef = B77DA0E21BD9AC1500126F88 /* CoreFoundation.framework */; };
		B77DA0E51BD9AC1C00126F88 /* Security.framework in Frameworks */ = {isa = PBXBuildFile; fileRef = B77DA0E41BD9AC1C00126F88 /* Security.framework */; };
		B79674AB188DFCE9005E9FF9 /* git2 in Headers */ = {isa = PBXBuildFile; fileRef = B79674A8188DFCDC005E9FF9 /* git2 */; settings = {ATTRIBUTES = (Public, ); }; };
		B79674AC188DFCEB005E9FF9 /* git2.h in Headers */ = {isa = PBXBuildFile; fileRef = B79674A9188DFCDC005E9FF9 /* git2.h */; settings = {ATTRIBUTES = (Public, ); }; };
		B7B14A991C1F45D100A5CDAD /* libiconv.dylib in Frameworks */ = {isa = PBXBuildFile; fileRef = B7B14A981C1F45D100A5CDAD /* libiconv.dylib */; };
		B7DF35011C1BBB060075CDF8 /* libgssapi_krb5.dylib in Frameworks */ = {isa = PBXBuildFile; fileRef = B7DF35001C1BBB060075CDF8 /* libgssapi_krb5.dylib */; };
		B7DF35031C1BBB0C0075CDF8 /* libz.dylib in Frameworks */ = {isa = PBXBuildFile; fileRef = B7DF35021C1BBB0C0075CDF8 /* libz.dylib */; };
/* End PBXBuildFile section */

/* Begin PBXContainerItemProxy section */
		1A1217B228E4F3E300FBD206 /* PBXContainerItemProxy */ = {
			isa = PBXContainerItemProxy;
			containerPortal = B70C57C1187E3E450077112E /* Project object */;
			proxyType = 1;
			remoteGlobalIDString = B70C57C8187E3E450077112E;
			remoteInfo = git2;
		};
		5E94DFFC2BEE960C00D1CFC4 /* PBXContainerItemProxy */ = {
			isa = PBXContainerItemProxy;
			containerPortal = B70C57C1187E3E450077112E /* Project object */;
			proxyType = 1;
			remoteGlobalIDString = B70C57C8187E3E450077112E;
			remoteInfo = git2;
		};
/* End PBXContainerItemProxy section */

/* Begin PBXFileReference section */
		151055A12B89C9FF00067B44 /* buf.c */ = {isa = PBXFileReference; fileEncoding = 4; lastKnownFileType = sourcecode.c.c; name = buf.c; path = libgit2/src/libgit2/buf.c; sourceTree = "<group>"; };
		151055A22B89C9FF00067B44 /* commit_list.c */ = {isa = PBXFileReference; fileEncoding = 4; lastKnownFileType = sourcecode.c.c; name = commit_list.c; path = libgit2/src/libgit2/commit_list.c; sourceTree = "<group>"; };
		151055A32B89C9FF00067B44 /* attr_file.c */ = {isa = PBXFileReference; fileEncoding = 4; lastKnownFileType = sourcecode.c.c; name = attr_file.c; path = libgit2/src/libgit2/attr_file.c; sourceTree = "<group>"; };
		151055A42B89C9FF00067B44 /* checkout.c */ = {isa = PBXFileReference; fileEncoding = 4; lastKnownFileType = sourcecode.c.c; name = checkout.c; path = libgit2/src/libgit2/checkout.c; sourceTree = "<group>"; };
		151055A52B89C9FF00067B44 /* blame_git.c */ = {isa = PBXFileReference; fileEncoding = 4; lastKnownFileType = sourcecode.c.c; name = blame_git.c; path = libgit2/src/libgit2/blame_git.c; sourceTree = "<group>"; };
		151055A62B89C9FF00067B44 /* cherrypick.c */ = {isa = PBXFileReference; fileEncoding = 4; lastKnownFileType = sourcecode.c.c; name = cherrypick.c; path = libgit2/src/libgit2/cherrypick.c; sourceTree = "<group>"; };
		151055A72B89C9FF00067B44 /* commit.c */ = {isa = PBXFileReference; fileEncoding = 4; lastKnownFileType = sourcecode.c.c; name = commit.c; path = libgit2/src/libgit2/commit.c; sourceTree = "<group>"; };
		151055A82B89C9FF00067B44 /* attr.c */ = {isa = PBXFileReference; fileEncoding = 4; lastKnownFileType = sourcecode.c.c; name = attr.c; path = libgit2/src/libgit2/attr.c; sourceTree = "<group>"; };
		151055A92B89C9FF00067B44 /* blame.c */ = {isa = PBXFileReference; fileEncoding = 4; lastKnownFileType = sourcecode.c.c; name = blame.c; path = libgit2/src/libgit2/blame.c; sourceTree = "<group>"; };
		151055AA2B89C9FF00067B44 /* clone.c */ = {isa = PBXFileReference; fileEncoding = 4; lastKnownFileType = sourcecode.c.c; name = clone.c; path = libgit2/src/libgit2/clone.c; sourceTree = "<group>"; };
		151055AB2B89C9FF00067B44 /* annotated_commit.c */ = {isa = PBXFileReference; fileEncoding = 4; lastKnownFileType = sourcecode.c.c; name = annotated_commit.c; path = libgit2/src/libgit2/annotated_commit.c; sourceTree = "<group>"; };
		151055AC2B89C9FF00067B44 /* branch.c */ = {isa = PBXFileReference; fileEncoding = 4; lastKnownFileType = sourcecode.c.c; name = branch.c; path = libgit2/src/libgit2/branch.c; sourceTree = "<group>"; };
		151055AD2B89C9FF00067B44 /* apply.c */ = {isa = PBXFileReference; fileEncoding = 4; lastKnownFileType = sourcecode.c.c; name = apply.c; path = libgit2/src/libgit2/apply.c; sourceTree = "<group>"; };
		151055AE2B89C9FF00067B44 /* attrcache.c */ = {isa = PBXFileReference; fileEncoding = 4; lastKnownFileType = sourcecode.c.c; name = attrcache.c; path = libgit2/src/libgit2/attrcache.c; sourceTree = "<group>"; };
		151055AF2B89C9FF00067B44 /* cache.c */ = {isa = PBXFileReference; fileEncoding = 4; lastKnownFileType = sourcecode.c.c; name = cache.c; path = libgit2/src/libgit2/cache.c; sourceTree = "<group>"; };
		151055B02B89C9FF00067B44 /* commit_graph.c */ = {isa = PBXFileReference; fileEncoding = 4; lastKnownFileType = sourcecode.c.c; name = commit_graph.c; path = libgit2/src/libgit2/commit_graph.c; sourceTree = "<group>"; };
		151055B12B89C9FF00067B44 /* blob.c */ = {isa = PBXFileReference; fileEncoding = 4; lastKnownFileType = sourcecode.c.c; name = blob.c; path = libgit2/src/libgit2/blob.c; sourceTree = "<group>"; };
		151055C32B89CA3B00067B44 /* config_entries.c */ = {isa = PBXFileReference; fileEncoding = 4; lastKnownFileType = sourcecode.c.c; name = config_entries.c; path = libgit2/src/libgit2/config_entries.c; sourceTree = "<group>"; };
		151055C42B89CA3B00067B44 /* config_file.c */ = {isa = PBXFileReference; fileEncoding = 4; lastKnownFileType = sourcecode.c.c; name = config_file.c; path = libgit2/src/libgit2/config_file.c; sourceTree = "<group>"; };
		151055C52B89CA3B00067B44 /* config.c */ = {isa = PBXFileReference; fileEncoding = 4; lastKnownFileType = sourcecode.c.c; name = config.c; path = libgit2/src/libgit2/config.c; sourceTree = "<group>"; };
		151055C62B89CA3B00067B44 /* config_cache.c */ = {isa = PBXFileReference; fileEncoding = 4; lastKnownFileType = sourcecode.c.c; name = config_cache.c; path = libgit2/src/libgit2/config_cache.c; sourceTree = "<group>"; };
		151055C72B89CA3B00067B44 /* config_parse.c */ = {isa = PBXFileReference; fileEncoding = 4; lastKnownFileType = sourcecode.c.c; name = config_parse.c; path = libgit2/src/libgit2/config_parse.c; sourceTree = "<group>"; };
		151055C82B89CA3B00067B44 /* crlf.c */ = {isa = PBXFileReference; fileEncoding = 4; lastKnownFileType = sourcecode.c.c; name = crlf.c; path = libgit2/src/libgit2/crlf.c; sourceTree = "<group>"; };
		151055C92B89CA3B00067B44 /* describe.c */ = {isa = PBXFileReference; fileEncoding = 4; lastKnownFileType = sourcecode.c.c; name = describe.c; path = libgit2/src/libgit2/describe.c; sourceTree = "<group>"; };
		151055CA2B89CA3B00067B44 /* config_snapshot.c */ = {isa = PBXFileReference; fileEncoding = 4; lastKnownFileType = sourcecode.c.c; name = config_snapshot.c; path = libgit2/src/libgit2/config_snapshot.c; sourceTree = "<group>"; };
		151055CB2B89CA3B00067B44 /* delta.c */ = {isa = PBXFileReference; fileEncoding = 4; lastKnownFileType = sourcecode.c.c; name = delta.c; path = libgit2/src/libgit2/delta.c; sourceTree = "<group>"; };
		151055CC2B89CA3B00067B44 /* config_mem.c */ = {isa = PBXFileReference; fileEncoding = 4; lastKnownFileType = sourcecode.c.c; name = config_mem.c; path = libgit2/src/libgit2/config_mem.c; sourceTree = "<group>"; };
		151055D72B89CAC800067B44 /* index.c */ = {isa = PBXFileReference; fileEncoding = 4; lastKnownFileType = sourcecode.c.c; name = index.c; path = libgit2/src/libgit2/index.c; sourceTree = "<group>"; };
		151055D82B89CAC800067B44 /* diff_stats.c */ = {isa = PBXFileReference; fileEncoding = 4; lastKnownFileType = sourcecode.c.c; name = diff_stats.c; path = libgit2/src/libgit2/diff_stats.c; sourceTree = "<group>"; };
		151055D92B89CAC800067B44 /* errors.c */ = {isa = PBXFileReference; fileEncoding = 4; lastKnownFileType = sourcecode.c.c; name = errors.c; path = libgit2/src/libgit2/errors.c; sourceTree = "<group>"; };
		151055DA2B89CAC800067B44 /* fetch.c */ = {isa = PBXFileReference; fileEncoding = 4; lastKnownFileType = sourcecode.c.c; name = fetch.c; path = libgit2/src/libgit2/fetch.c; sourceTree = "<group>"; };
		151055DB2B89CAC800067B44 /* email.c */ = {isa = PBXFileReference; fileEncoding = 4; lastKnownFileType = sourcecode.c.c; name = email.c; path = libgit2/src/libgit2/email.c; sourceTree = "<group>"; };
		151055DC2B89CAC800067B44 /* diff_file.c */ = {isa = PBXFileReference; fileEncoding = 4; lastKnownFileType = sourcecode.c.c; name = diff_file.c; path = libgit2/src/libgit2/diff_file.c; sourceTree = "<group>"; };
		151055DD2B89CAC800067B44 /* ident.c */ = {isa = PBXFileReference; fileEncoding = 4; lastKnownFileType = sourcecode.c.c; name = ident.c; path = libgit2/src/libgit2/ident.c; sourceTree = "<group>"; };
		151055DE2B89CAC800067B44 /* diff.c */ = {isa = PBXFileReference; fileEncoding = 4; lastKnownFileType = sourcecode.c.c; name = diff.c; path = libgit2/src/libgit2/diff.c; sourceTree = "<group>"; };
		151055DF2B89CAC800067B44 /* idxmap.c */ = {isa = PBXFileReference; fileEncoding = 4; lastKnownFileType = sourcecode.c.c; name = idxmap.c; path = libgit2/src/libgit2/idxmap.c; sourceTree = "<group>"; };
		151055E02B89CAC800067B44 /* diff_driver.c */ = {isa = PBXFileReference; fileEncoding = 4; lastKnownFileType = sourcecode.c.c; name = diff_driver.c; path = libgit2/src/libgit2/diff_driver.c; sourceTree = "<group>"; };
		151055E12B89CAC800067B44 /* diff_xdiff.c */ = {isa = PBXFileReference; fileEncoding = 4; lastKnownFileType = sourcecode.c.c; name = diff_xdiff.c; path = libgit2/src/libgit2/diff_xdiff.c; sourceTree = "<group>"; };
		151055E22B89CAC800067B44 /* diff_generate.c */ = {isa = PBXFileReference; fileEncoding = 4; lastKnownFileType = sourcecode.c.c; name = diff_generate.c; path = libgit2/src/libgit2/diff_generate.c; sourceTree = "<group>"; };
		151055E32B89CAC800067B44 /* diff_print.c */ = {isa = PBXFileReference; fileEncoding = 4; lastKnownFileType = sourcecode.c.c; name = diff_print.c; path = libgit2/src/libgit2/diff_print.c; sourceTree = "<group>"; };
		151055E42B89CAC800067B44 /* graph.c */ = {isa = PBXFileReference; fileEncoding = 4; lastKnownFileType = sourcecode.c.c; name = graph.c; path = libgit2/src/libgit2/graph.c; sourceTree = "<group>"; };
		151055E52B89CAC800067B44 /* filter.c */ = {isa = PBXFileReference; fileEncoding = 4; lastKnownFileType = sourcecode.c.c; name = filter.c; path = libgit2/src/libgit2/filter.c; sourceTree = "<group>"; };
		151055E62B89CAC800067B44 /* diff_parse.c */ = {isa = PBXFileReference; fileEncoding = 4; lastKnownFileType = sourcecode.c.c; name = diff_parse.c; path = libgit2/src/libgit2/diff_parse.c; sourceTree = "<group>"; };
		151055E72B89CAC800067B44 /* hashsig.c */ = {isa = PBXFileReference; fileEncoding = 4; lastKnownFileType = sourcecode.c.c; name = hashsig.c; path = libgit2/src/libgit2/hashsig.c; sourceTree = "<group>"; };
		151055E82B89CAC800067B44 /* diff_tform.c */ = {isa = PBXFileReference; fileEncoding = 4; lastKnownFileType = sourcecode.c.c; name = diff_tform.c; path = libgit2/src/libgit2/diff_tform.c; sourceTree = "<group>"; };
		151055E92B89CAC800067B44 /* fetchhead.c */ = {isa = PBXFileReference; fileEncoding = 4; lastKnownFileType = sourcecode.c.c; name = fetchhead.c; path = libgit2/src/libgit2/fetchhead.c; sourceTree = "<group>"; };
		151055EA2B89CAC800067B44 /* grafts.c */ = {isa = PBXFileReference; fileEncoding = 4; lastKnownFileType = sourcecode.c.c; name = grafts.c; path = libgit2/src/libgit2/grafts.c; sourceTree = "<group>"; };
		151055EB2B89CAC800067B44 /* ignore.c */ = {isa = PBXFileReference; fileEncoding = 4; lastKnownFileType = sourcecode.c.c; name = ignore.c; path = libgit2/src/libgit2/ignore.c; sourceTree = "<group>"; };
		151056012B89CB4F00067B44 /* midx.c */ = {isa = PBXFileReference; fileEncoding = 4; lastKnownFileType = sourcecode.c.c; name = midx.c; path = libgit2/src/libgit2/midx.c; sourceTree = "<group>"; };
		151056022B89CB4F00067B44 /* pathspec.c */ = {isa = PBXFileReference; fileEncoding = 4; lastKnownFileType = sourcecode.c.c; name = pathspec.c; path = libgit2/src/libgit2/pathspec.c; sourceTree = "<group>"; };
		151056032B89CB4F00067B44 /* oidmap.c */ = {isa = PBXFileReference; fileEncoding = 4; lastKnownFileType = sourcecode.c.c; name = oidmap.c; path = libgit2/src/libgit2/oidmap.c; sourceTree = "<group>"; };
		151056042B89CB4F00067B44 /* refs.c */ = {isa = PBXFileReference; fileEncoding = 4; lastKnownFileType = sourcecode.c.c; name = refs.c; path = libgit2/src/libgit2/refs.c; sourceTree = "<group>"; };
		151056052B89CB4F00067B44 /* status.c */ = {isa = PBXFileReference; fileEncoding = 4; lastKnownFileType = sourcecode.c.c; name = status.c; path = libgit2/src/libgit2/status.c; sourceTree = "<group>"; };
		151056062B89CB4F00067B44 /* odb.c */ = {isa = PBXFileReference; fileEncoding = 4; lastKnownFileType = sourcecode.c.c; name = odb.c; path = libgit2/src/libgit2/odb.c; sourceTree = "<group>"; };
		151056072B89CB4F00067B44 /* indexer.c */ = {isa = PBXFileReference; fileEncoding = 4; lastKnownFileType = sourcecode.c.c; name = indexer.c; path = libgit2/src/libgit2/indexer.c; sourceTree = "<group>"; };
		151056082B89CB4F00067B44 /* iterator.c */ = {isa = PBXFileReference; fileEncoding = 4; lastKnownFileType = sourcecode.c.c; name = iterator.c; path = libgit2/src/libgit2/iterator.c; sourceTree = "<group>"; };
		151056092B89CB4F00067B44 /* patch.c */ = {isa = PBXFileReference; fileEncoding = 4; lastKnownFileType = sourcecode.c.c; name = patch.c; path = libgit2/src/libgit2/patch.c; sourceTree = "<group>"; };
		1510560A2B89CB4F00067B44 /* reader.c */ = {isa = PBXFileReference; fileEncoding = 4; lastKnownFileType = sourcecode.c.c; name = reader.c; path = libgit2/src/libgit2/reader.c; sourceTree = "<group>"; };
		1510560B2B89CB4F00067B44 /* notes.c */ = {isa = PBXFileReference; fileEncoding = 4; lastKnownFileType = sourcecode.c.c; name = notes.c; path = libgit2/src/libgit2/notes.c; sourceTree = "<group>"; };
		1510560C2B89CB4F00067B44 /* proxy.c */ = {isa = PBXFileReference; fileEncoding = 4; lastKnownFileType = sourcecode.c.c; name = proxy.c; path = libgit2/src/libgit2/proxy.c; sourceTree = "<group>"; };
		1510560D2B89CB5000067B44 /* reflog.c */ = {isa = PBXFileReference; fileEncoding = 4; lastKnownFileType = sourcecode.c.c; name = reflog.c; path = libgit2/src/libgit2/reflog.c; sourceTree = "<group>"; };
		1510560E2B89CB5000067B44 /* message.c */ = {isa = PBXFileReference; fileEncoding = 4; lastKnownFileType = sourcecode.c.c; name = message.c; path = libgit2/src/libgit2/message.c; sourceTree = "<group>"; };
		1510560F2B89CB5000067B44 /* revert.c */ = {isa = PBXFileReference; fileEncoding = 4; lastKnownFileType = sourcecode.c.c; name = revert.c; path = libgit2/src/libgit2/revert.c; sourceTree = "<group>"; };
		151056102B89CB5000067B44 /* odb_pack.c */ = {isa = PBXFileReference; fileEncoding = 4; lastKnownFileType = sourcecode.c.c; name = odb_pack.c; path = libgit2/src/libgit2/odb_pack.c; sourceTree = "<group>"; };
		151056112B89CB5000067B44 /* strarray.c */ = {isa = PBXFileReference; fileEncoding = 4; lastKnownFileType = sourcecode.c.c; name = strarray.c; path = libgit2/src/libgit2/strarray.c; sourceTree = "<group>"; };
		151056122B89CB5000067B44 /* refdb_fs.c */ = {isa = PBXFileReference; fileEncoding = 4; lastKnownFileType = sourcecode.c.c; name = refdb_fs.c; path = libgit2/src/libgit2/refdb_fs.c; sourceTree = "<group>"; };
		151056132B89CB5000067B44 /* merge_file.c */ = {isa = PBXFileReference; fileEncoding = 4; lastKnownFileType = sourcecode.c.c; name = merge_file.c; path = libgit2/src/libgit2/merge_file.c; sourceTree = "<group>"; };
		151056142B89CB5000067B44 /* revwalk.c */ = {isa = PBXFileReference; fileEncoding = 4; lastKnownFileType = sourcecode.c.c; name = revwalk.c; path = libgit2/src/libgit2/revwalk.c; sourceTree = "<group>"; };
		151056152B89CB5000067B44 /* remote.c */ = {isa = PBXFileReference; fileEncoding = 4; lastKnownFileType = sourcecode.c.c; name = remote.c; path = libgit2/src/libgit2/remote.c; sourceTree = "<group>"; };
		151056162B89CB5000067B44 /* refdb.c */ = {isa = PBXFileReference; fileEncoding = 4; lastKnownFileType = sourcecode.c.c; name = refdb.c; path = libgit2/src/libgit2/refdb.c; sourceTree = "<group>"; };
		151056172B89CB5000067B44 /* pack.c */ = {isa = PBXFileReference; fileEncoding = 4; lastKnownFileType = sourcecode.c.c; name = pack.c; path = libgit2/src/libgit2/pack.c; sourceTree = "<group>"; };
		151056182B89CB5000067B44 /* odb_mempack.c */ = {isa = PBXFileReference; fileEncoding = 4; lastKnownFileType = sourcecode.c.c; name = odb_mempack.c; path = libgit2/src/libgit2/odb_mempack.c; sourceTree = "<group>"; };
		151056192B89CB5000067B44 /* signature.c */ = {isa = PBXFileReference; fileEncoding = 4; lastKnownFileType = sourcecode.c.c; name = signature.c; path = libgit2/src/libgit2/signature.c; sourceTree = "<group>"; };
		1510561A2B89CB5000067B44 /* merge_driver.c */ = {isa = PBXFileReference; fileEncoding = 4; lastKnownFileType = sourcecode.c.c; name = merge_driver.c; path = libgit2/src/libgit2/merge_driver.c; sourceTree = "<group>"; };
		1510561B2B89CB5000067B44 /* odb_loose.c */ = {isa = PBXFileReference; fileEncoding = 4; lastKnownFileType = sourcecode.c.c; name = odb_loose.c; path = libgit2/src/libgit2/odb_loose.c; sourceTree = "<group>"; };
		1510561C2B89CB5000067B44 /* rebase.c */ = {isa = PBXFileReference; fileEncoding = 4; lastKnownFileType = sourcecode.c.c; name = rebase.c; path = libgit2/src/libgit2/rebase.c; sourceTree = "<group>"; };
		1510561D2B89CB5000067B44 /* offmap.c */ = {isa = PBXFileReference; fileEncoding = 4; lastKnownFileType = sourcecode.c.c; name = offmap.c; path = libgit2/src/libgit2/offmap.c; sourceTree = "<group>"; };
		1510561E2B89CB5000067B44 /* path.c */ = {isa = PBXFileReference; fileEncoding = 4; lastKnownFileType = sourcecode.c.c; name = path.c; path = libgit2/src/libgit2/path.c; sourceTree = "<group>"; };
		1510561F2B89CB5000067B44 /* oid.c */ = {isa = PBXFileReference; fileEncoding = 4; lastKnownFileType = sourcecode.c.c; name = oid.c; path = libgit2/src/libgit2/oid.c; sourceTree = "<group>"; };
		151056202B89CB5000067B44 /* libgit2.c */ = {isa = PBXFileReference; fileEncoding = 4; lastKnownFileType = sourcecode.c.c; name = libgit2.c; path = libgit2/src/libgit2/libgit2.c; sourceTree = "<group>"; };
		151056212B89CB5000067B44 /* stash.c */ = {isa = PBXFileReference; fileEncoding = 4; lastKnownFileType = sourcecode.c.c; name = stash.c; path = libgit2/src/libgit2/stash.c; sourceTree = "<group>"; };
		151056222B89CB5000067B44 /* mwindow.c */ = {isa = PBXFileReference; fileEncoding = 4; lastKnownFileType = sourcecode.c.c; name = mwindow.c; path = libgit2/src/libgit2/mwindow.c; sourceTree = "<group>"; };
		151056232B89CB5000067B44 /* mailmap.c */ = {isa = PBXFileReference; fileEncoding = 4; lastKnownFileType = sourcecode.c.c; name = mailmap.c; path = libgit2/src/libgit2/mailmap.c; sourceTree = "<group>"; };
		151056242B89CB5000067B44 /* revparse.c */ = {isa = PBXFileReference; fileEncoding = 4; lastKnownFileType = sourcecode.c.c; name = revparse.c; path = libgit2/src/libgit2/revparse.c; sourceTree = "<group>"; };
		151056252B89CB5000067B44 /* oidarray.c */ = {isa = PBXFileReference; fileEncoding = 4; lastKnownFileType = sourcecode.c.c; name = oidarray.c; path = libgit2/src/libgit2/oidarray.c; sourceTree = "<group>"; };
		151056262B89CB5000067B44 /* refspec.c */ = {isa = PBXFileReference; fileEncoding = 4; lastKnownFileType = sourcecode.c.c; name = refspec.c; path = libgit2/src/libgit2/refspec.c; sourceTree = "<group>"; };
		151056272B89CB5000067B44 /* merge.c */ = {isa = PBXFileReference; fileEncoding = 4; lastKnownFileType = sourcecode.c.c; name = merge.c; path = libgit2/src/libgit2/merge.c; sourceTree = "<group>"; };
		151056282B89CB5000067B44 /* object_api.c */ = {isa = PBXFileReference; fileEncoding = 4; lastKnownFileType = sourcecode.c.c; name = object_api.c; path = libgit2/src/libgit2/object_api.c; sourceTree = "<group>"; };
		151056292B89CB5000067B44 /* patch_generate.c */ = {isa = PBXFileReference; fileEncoding = 4; lastKnownFileType = sourcecode.c.c; name = patch_generate.c; path = libgit2/src/libgit2/patch_generate.c; sourceTree = "<group>"; };
		1510562A2B89CB5000067B44 /* patch_parse.c */ = {isa = PBXFileReference; fileEncoding = 4; lastKnownFileType = sourcecode.c.c; name = patch_parse.c; path = libgit2/src/libgit2/patch_parse.c; sourceTree = "<group>"; };
		1510562B2B89CB5000067B44 /* push.c */ = {isa = PBXFileReference; fileEncoding = 4; lastKnownFileType = sourcecode.c.c; name = push.c; path = libgit2/src/libgit2/push.c; sourceTree = "<group>"; };
		1510562C2B89CB5100067B44 /* repository.c */ = {isa = PBXFileReference; fileEncoding = 4; lastKnownFileType = sourcecode.c.c; name = repository.c; path = libgit2/src/libgit2/repository.c; sourceTree = "<group>"; };
		1510562D2B89CB5100067B44 /* object.c */ = {isa = PBXFileReference; fileEncoding = 4; lastKnownFileType = sourcecode.c.c; name = object.c; path = libgit2/src/libgit2/object.c; sourceTree = "<group>"; };
		1510562E2B89CB5100067B44 /* reset.c */ = {isa = PBXFileReference; fileEncoding = 4; lastKnownFileType = sourcecode.c.c; name = reset.c; path = libgit2/src/libgit2/reset.c; sourceTree = "<group>"; };
		1510562F2B89CB5100067B44 /* parse.c */ = {isa = PBXFileReference; fileEncoding = 4; lastKnownFileType = sourcecode.c.c; name = parse.c; path = libgit2/src/libgit2/parse.c; sourceTree = "<group>"; };
		1510565F2B89CB8D00067B44 /* trace.c */ = {isa = PBXFileReference; fileEncoding = 4; lastKnownFileType = sourcecode.c.c; name = trace.c; path = libgit2/src/libgit2/trace.c; sourceTree = "<group>"; };
		151056602B89CB8D00067B44 /* worktree.c */ = {isa = PBXFileReference; fileEncoding = 4; lastKnownFileType = sourcecode.c.c; name = worktree.c; path = libgit2/src/libgit2/worktree.c; sourceTree = "<group>"; };
		151056612B89CB8D00067B44 /* transport.c */ = {isa = PBXFileReference; fileEncoding = 4; lastKnownFileType = sourcecode.c.c; name = transport.c; path = libgit2/src/libgit2/transport.c; sourceTree = "<group>"; };
		151056622B89CB8D00067B44 /* threadstate.c */ = {isa = PBXFileReference; fileEncoding = 4; lastKnownFileType = sourcecode.c.c; name = threadstate.c; path = libgit2/src/libgit2/threadstate.c; sourceTree = "<group>"; };
		151056632B89CB8D00067B44 /* transaction.c */ = {isa = PBXFileReference; fileEncoding = 4; lastKnownFileType = sourcecode.c.c; name = transaction.c; path = libgit2/src/libgit2/transaction.c; sourceTree = "<group>"; };
		151056642B89CB8D00067B44 /* tree.c */ = {isa = PBXFileReference; fileEncoding = 4; lastKnownFileType = sourcecode.c.c; name = tree.c; path = libgit2/src/libgit2/tree.c; sourceTree = "<group>"; };
		151056652B89CB8D00067B44 /* sysdir.c */ = {isa = PBXFileReference; fileEncoding = 4; lastKnownFileType = sourcecode.c.c; name = sysdir.c; path = libgit2/src/libgit2/sysdir.c; sourceTree = "<group>"; };
		151056662B89CB8D00067B44 /* submodule.c */ = {isa = PBXFileReference; fileEncoding = 4; lastKnownFileType = sourcecode.c.c; name = submodule.c; path = libgit2/src/libgit2/submodule.c; sourceTree = "<group>"; };
		151056672B89CB8E00067B44 /* tag.c */ = {isa = PBXFileReference; fileEncoding = 4; lastKnownFileType = sourcecode.c.c; name = tag.c; path = libgit2/src/libgit2/tag.c; sourceTree = "<group>"; };
		151056682B89CB8E00067B44 /* trailer.c */ = {isa = PBXFileReference; fileEncoding = 4; lastKnownFileType = sourcecode.c.c; name = trailer.c; path = libgit2/src/libgit2/trailer.c; sourceTree = "<group>"; };
		151056732B89CBB700067B44 /* tls.c */ = {isa = PBXFileReference; fileEncoding = 4; lastKnownFileType = sourcecode.c.c; name = tls.c; path = libgit2/src/libgit2/streams/tls.c; sourceTree = "<group>"; };
		151056742B89CBB700067B44 /* openssl_legacy.c */ = {isa = PBXFileReference; fileEncoding = 4; lastKnownFileType = sourcecode.c.c; name = openssl_legacy.c; path = libgit2/src/libgit2/streams/openssl_legacy.c; sourceTree = "<group>"; };
		151056752B89CBB700067B44 /* registry.c */ = {isa = PBXFileReference; fileEncoding = 4; lastKnownFileType = sourcecode.c.c; name = registry.c; path = libgit2/src/libgit2/streams/registry.c; sourceTree = "<group>"; };
		151056762B89CBB700067B44 /* stransport.c */ = {isa = PBXFileReference; fileEncoding = 4; lastKnownFileType = sourcecode.c.c; name = stransport.c; path = libgit2/src/libgit2/streams/stransport.c; sourceTree = "<group>"; };
		151056772B89CBB700067B44 /* mbedtls.c */ = {isa = PBXFileReference; fileEncoding = 4; lastKnownFileType = sourcecode.c.c; name = mbedtls.c; path = libgit2/src/libgit2/streams/mbedtls.c; sourceTree = "<group>"; };
		151056782B89CBB700067B44 /* openssl.c */ = {isa = PBXFileReference; fileEncoding = 4; lastKnownFileType = sourcecode.c.c; name = openssl.c; path = libgit2/src/libgit2/streams/openssl.c; sourceTree = "<group>"; };
		151056792B89CBB700067B44 /* schannel.c */ = {isa = PBXFileReference; fileEncoding = 4; lastKnownFileType = sourcecode.c.c; name = schannel.c; path = libgit2/src/libgit2/streams/schannel.c; sourceTree = "<group>"; };
		1510567A2B89CBB700067B44 /* socket.c */ = {isa = PBXFileReference; fileEncoding = 4; lastKnownFileType = sourcecode.c.c; name = socket.c; path = libgit2/src/libgit2/streams/socket.c; sourceTree = "<group>"; };
		1510567B2B89CBB700067B44 /* openssl_dynamic.c */ = {isa = PBXFileReference; fileEncoding = 4; lastKnownFileType = sourcecode.c.c; name = openssl_dynamic.c; path = libgit2/src/libgit2/streams/openssl_dynamic.c; sourceTree = "<group>"; };
		151056852B89CBED00067B44 /* smart_pkt.c */ = {isa = PBXFileReference; fileEncoding = 4; lastKnownFileType = sourcecode.c.c; name = smart_pkt.c; path = libgit2/src/libgit2/transports/smart_pkt.c; sourceTree = "<group>"; };
		151056862B89CBED00067B44 /* auth_sspi.c */ = {isa = PBXFileReference; fileEncoding = 4; lastKnownFileType = sourcecode.c.c; name = auth_sspi.c; path = libgit2/src/libgit2/transports/auth_sspi.c; sourceTree = "<group>"; };
		151056872B89CBED00067B44 /* auth.c */ = {isa = PBXFileReference; fileEncoding = 4; lastKnownFileType = sourcecode.c.c; name = auth.c; path = libgit2/src/libgit2/transports/auth.c; sourceTree = "<group>"; };
		151056882B89CBED00067B44 /* smart.c */ = {isa = PBXFileReference; fileEncoding = 4; lastKnownFileType = sourcecode.c.c; name = smart.c; path = libgit2/src/libgit2/transports/smart.c; sourceTree = "<group>"; };
		151056892B89CBED00067B44 /* http.c */ = {isa = PBXFileReference; fileEncoding = 4; lastKnownFileType = sourcecode.c.c; name = http.c; path = libgit2/src/libgit2/transports/http.c; sourceTree = "<group>"; };
		1510568A2B89CBED00067B44 /* winhttp.c */ = {isa = PBXFileReference; fileEncoding = 4; lastKnownFileType = sourcecode.c.c; name = winhttp.c; path = libgit2/src/libgit2/transports/winhttp.c; sourceTree = "<group>"; };
		1510568B2B89CBED00067B44 /* auth_gssapi.c */ = {isa = PBXFileReference; fileEncoding = 4; lastKnownFileType = sourcecode.c.c; name = auth_gssapi.c; path = libgit2/src/libgit2/transports/auth_gssapi.c; sourceTree = "<group>"; };
		1510568C2B89CBED00067B44 /* local.c */ = {isa = PBXFileReference; fileEncoding = 4; lastKnownFileType = sourcecode.c.c; name = local.c; path = libgit2/src/libgit2/transports/local.c; sourceTree = "<group>"; };
		1510568D2B89CBED00067B44 /* auth_ntlmclient.c */ = {isa = PBXFileReference; fileEncoding = 4; lastKnownFileType = sourcecode.c.c; name = auth_ntlmclient.c; path = libgit2/src/libgit2/transports/auth_ntlmclient.c; sourceTree = "<group>"; };
		1510568E2B89CBED00067B44 /* smart_protocol.c */ = {isa = PBXFileReference; fileEncoding = 4; lastKnownFileType = sourcecode.c.c; name = smart_protocol.c; path = libgit2/src/libgit2/transports/smart_protocol.c; sourceTree = "<group>"; };
		1510568F2B89CBED00067B44 /* credential_helpers.c */ = {isa = PBXFileReference; fileEncoding = 4; lastKnownFileType = sourcecode.c.c; name = credential_helpers.c; path = libgit2/src/libgit2/transports/credential_helpers.c; sourceTree = "<group>"; };
		151056902B89CBED00067B44 /* credential.c */ = {isa = PBXFileReference; fileEncoding = 4; lastKnownFileType = sourcecode.c.c; name = credential.c; path = libgit2/src/libgit2/transports/credential.c; sourceTree = "<group>"; };
		151056912B89CBED00067B44 /* httpclient.c */ = {isa = PBXFileReference; fileEncoding = 4; lastKnownFileType = sourcecode.c.c; name = httpclient.c; path = libgit2/src/libgit2/transports/httpclient.c; sourceTree = "<group>"; };
		151056922B89CBED00067B44 /* ssh.c */ = {isa = PBXFileReference; fileEncoding = 4; lastKnownFileType = sourcecode.c.c; name = ssh.c; path = libgit2/src/libgit2/transports/ssh.c; sourceTree = "<group>"; };
		151056932B89CBED00067B44 /* git.c */ = {isa = PBXFileReference; fileEncoding = 4; lastKnownFileType = sourcecode.c.c; name = git.c; path = libgit2/src/libgit2/transports/git.c; sourceTree = "<group>"; };
		151056A42B89D01100067B44 /* failalloc.c */ = {isa = PBXFileReference; fileEncoding = 4; lastKnownFileType = sourcecode.c.c; name = failalloc.c; path = libgit2/src/util/allocators/failalloc.c; sourceTree = "<group>"; };
		151056A52B89D01100067B44 /* win32_leakcheck.c */ = {isa = PBXFileReference; fileEncoding = 4; lastKnownFileType = sourcecode.c.c; name = win32_leakcheck.c; path = libgit2/src/util/allocators/win32_leakcheck.c; sourceTree = "<group>"; };
		151056A62B89D01100067B44 /* stdalloc.c */ = {isa = PBXFileReference; fileEncoding = 4; lastKnownFileType = sourcecode.c.c; name = stdalloc.c; path = libgit2/src/util/allocators/stdalloc.c; sourceTree = "<group>"; };
		151056AA2B89D07500067B44 /* fs_path.c */ = {isa = PBXFileReference; fileEncoding = 4; lastKnownFileType = sourcecode.c.c; name = fs_path.c; path = libgit2/src/util/fs_path.c; sourceTree = "<group>"; };
		151056AB2B89D07500067B44 /* alloc.c */ = {isa = PBXFileReference; fileEncoding = 4; lastKnownFileType = sourcecode.c.c; name = alloc.c; path = libgit2/src/util/alloc.c; sourceTree = "<group>"; };
		151056AC2B89D07500067B44 /* date.c */ = {isa = PBXFileReference; fileEncoding = 4; lastKnownFileType = sourcecode.c.c; name = date.c; path = libgit2/src/util/date.c; sourceTree = "<group>"; };
		151056AD2B89D07500067B44 /* net.c */ = {isa = PBXFileReference; fileEncoding = 4; lastKnownFileType = sourcecode.c.c; name = net.c; path = libgit2/src/util/net.c; sourceTree = "<group>"; };
		151056AE2B89D07500067B44 /* pqueue.c */ = {isa = PBXFileReference; fileEncoding = 4; lastKnownFileType = sourcecode.c.c; name = pqueue.c; path = libgit2/src/util/pqueue.c; sourceTree = "<group>"; };
		151056AF2B89D07500067B44 /* posix.c */ = {isa = PBXFileReference; fileEncoding = 4; lastKnownFileType = sourcecode.c.c; name = posix.c; path = libgit2/src/util/posix.c; sourceTree = "<group>"; };
		151056B02B89D07600067B44 /* str.c */ = {isa = PBXFileReference; fileEncoding = 4; lastKnownFileType = sourcecode.c.c; name = str.c; path = libgit2/src/util/str.c; sourceTree = "<group>"; };
		151056B12B89D07600067B44 /* runtime.c */ = {isa = PBXFileReference; fileEncoding = 4; lastKnownFileType = sourcecode.c.c; name = runtime.c; path = libgit2/src/util/runtime.c; sourceTree = "<group>"; };
		151056B22B89D07600067B44 /* rand.c */ = {isa = PBXFileReference; fileEncoding = 4; lastKnownFileType = sourcecode.c.c; name = rand.c; path = libgit2/src/util/rand.c; sourceTree = "<group>"; };
		151056B32B89D07600067B44 /* sortedcache.c */ = {isa = PBXFileReference; fileEncoding = 4; lastKnownFileType = sourcecode.c.c; name = sortedcache.c; path = libgit2/src/util/sortedcache.c; sourceTree = "<group>"; };
		151056B42B89D07600067B44 /* futils.c */ = {isa = PBXFileReference; fileEncoding = 4; lastKnownFileType = sourcecode.c.c; name = futils.c; path = libgit2/src/util/futils.c; sourceTree = "<group>"; };
		151056B52B89D07600067B44 /* filebuf.c */ = {isa = PBXFileReference; fileEncoding = 4; lastKnownFileType = sourcecode.c.c; name = filebuf.c; path = libgit2/src/util/filebuf.c; sourceTree = "<group>"; };
		151056B62B89D07600067B44 /* strmap.c */ = {isa = PBXFileReference; fileEncoding = 4; lastKnownFileType = sourcecode.c.c; name = strmap.c; path = libgit2/src/util/strmap.c; sourceTree = "<group>"; };
		151056B72B89D07600067B44 /* hash.c */ = {isa = PBXFileReference; fileEncoding = 4; lastKnownFileType = sourcecode.c.c; name = hash.c; path = libgit2/src/util/hash.c; sourceTree = "<group>"; };
		151056B82B89D07600067B44 /* regexp.c */ = {isa = PBXFileReference; fileEncoding = 4; lastKnownFileType = sourcecode.c.c; name = regexp.c; path = libgit2/src/util/regexp.c; sourceTree = "<group>"; };
		151056B92B89D07600067B44 /* pool.c */ = {isa = PBXFileReference; fileEncoding = 4; lastKnownFileType = sourcecode.c.c; name = pool.c; path = libgit2/src/util/pool.c; sourceTree = "<group>"; };
		151056CA2B89D09700067B44 /* utf8.c */ = {isa = PBXFileReference; fileEncoding = 4; lastKnownFileType = sourcecode.c.c; name = utf8.c; path = libgit2/src/util/utf8.c; sourceTree = "<group>"; };
		151056CB2B89D09700067B44 /* tsort.c */ = {isa = PBXFileReference; fileEncoding = 4; lastKnownFileType = sourcecode.c.c; name = tsort.c; path = libgit2/src/util/tsort.c; sourceTree = "<group>"; };
		151056CC2B89D09700067B44 /* zstream.c */ = {isa = PBXFileReference; fileEncoding = 4; lastKnownFileType = sourcecode.c.c; name = zstream.c; path = libgit2/src/util/zstream.c; sourceTree = "<group>"; };
		151056CD2B89D09700067B44 /* thread.c */ = {isa = PBXFileReference; fileEncoding = 4; lastKnownFileType = sourcecode.c.c; name = thread.c; path = libgit2/src/util/thread.c; sourceTree = "<group>"; };
		151056CE2B89D09700067B44 /* wildmatch.c */ = {isa = PBXFileReference; fileEncoding = 4; lastKnownFileType = sourcecode.c.c; name = wildmatch.c; path = libgit2/src/util/wildmatch.c; sourceTree = "<group>"; };
		151056CF2B89D09700067B44 /* util.c */ = {isa = PBXFileReference; fileEncoding = 4; lastKnownFileType = sourcecode.c.c; name = util.c; path = libgit2/src/util/util.c; sourceTree = "<group>"; };
		151056D02B89D09700067B44 /* varint.c */ = {isa = PBXFileReference; fileEncoding = 4; lastKnownFileType = sourcecode.c.c; name = varint.c; path = libgit2/src/util/varint.c; sourceTree = "<group>"; };
		151056D12B89D09700067B44 /* vector.c */ = {isa = PBXFileReference; fileEncoding = 4; lastKnownFileType = sourcecode.c.c; name = vector.c; path = libgit2/src/util/vector.c; sourceTree = "<group>"; };
		151056DA2B89D0AC00067B44 /* map.c */ = {isa = PBXFileReference; fileEncoding = 4; lastKnownFileType = sourcecode.c.c; name = map.c; path = libgit2/src/util/unix/map.c; sourceTree = "<group>"; };
		151056DB2B89D0AC00067B44 /* realpath.c */ = {isa = PBXFileReference; fileEncoding = 4; lastKnownFileType = sourcecode.c.c; name = realpath.c; path = libgit2/src/util/unix/realpath.c; sourceTree = "<group>"; };
		151056DF2B89D0C700067B44 /* common_crypto.c */ = {isa = PBXFileReference; fileEncoding = 4; lastKnownFileType = sourcecode.c.c; name = common_crypto.c; path = libgit2/src/util/hash/common_crypto.c; sourceTree = "<group>"; };
		151056E22B89D0DE00067B44 /* ubc_check.c */ = {isa = PBXFileReference; fileEncoding = 4; lastKnownFileType = sourcecode.c.c; name = ubc_check.c; path = libgit2/src/util/hash/sha1dc/ubc_check.c; sourceTree = "<group>"; };
		151056E32B89D0DE00067B44 /* sha1.c */ = {isa = PBXFileReference; fileEncoding = 4; lastKnownFileType = sourcecode.c.c; name = sha1.c; path = libgit2/src/util/hash/sha1dc/sha1.c; sourceTree = "<group>"; };
		1515A77D2B89DA6D00EE537A /* http_parser.c */ = {isa = PBXFileReference; fileEncoding = 4; lastKnownFileType = sourcecode.c.c; name = http_parser.c; path = "libgit2/deps/http-parser/http_parser.c"; sourceTree = "<group>"; };
		1515A77F2B89DAE200EE537A /* util.c */ = {isa = PBXFileReference; fileEncoding = 4; lastKnownFileType = sourcecode.c.c; name = util.c; path = libgit2/deps/ntlmclient/util.c; sourceTree = "<group>"; };
		1515A7802B89DAE200EE537A /* crypt_commoncrypto.c */ = {isa = PBXFileReference; fileEncoding = 4; lastKnownFileType = sourcecode.c.c; name = crypt_commoncrypto.c; path = libgit2/deps/ntlmclient/crypt_commoncrypto.c; sourceTree = "<group>"; };
		1515A7812B89DAE200EE537A /* unicode_iconv.c */ = {isa = PBXFileReference; fileEncoding = 4; lastKnownFileType = sourcecode.c.c; name = unicode_iconv.c; path = libgit2/deps/ntlmclient/unicode_iconv.c; sourceTree = "<group>"; };
		1515A7822B89DAE200EE537A /* ntlm.c */ = {isa = PBXFileReference; fileEncoding = 4; lastKnownFileType = sourcecode.c.c; name = ntlm.c; path = libgit2/deps/ntlmclient/ntlm.c; sourceTree = "<group>"; };
		1515A7872B89DB4B00EE537A /* xprepare.c */ = {isa = PBXFileReference; fileEncoding = 4; lastKnownFileType = sourcecode.c.c; name = xprepare.c; path = libgit2/deps/xdiff/xprepare.c; sourceTree = "<group>"; };
		1515A7882B89DB4B00EE537A /* xmerge.c */ = {isa = PBXFileReference; fileEncoding = 4; lastKnownFileType = sourcecode.c.c; name = xmerge.c; path = libgit2/deps/xdiff/xmerge.c; sourceTree = "<group>"; };
		1515A7892B89DB4B00EE537A /* xutils.c */ = {isa = PBXFileReference; fileEncoding = 4; lastKnownFileType = sourcecode.c.c; name = xutils.c; path = libgit2/deps/xdiff/xutils.c; sourceTree = "<group>"; };
		1515A78A2B89DB4B00EE537A /* xemit.c */ = {isa = PBXFileReference; fileEncoding = 4; lastKnownFileType = sourcecode.c.c; name = xemit.c; path = libgit2/deps/xdiff/xemit.c; sourceTree = "<group>"; };
		1515A78B2B89DB4B00EE537A /* xdiffi.c */ = {isa = PBXFileReference; fileEncoding = 4; lastKnownFileType = sourcecode.c.c; name = xdiffi.c; path = libgit2/deps/xdiff/xdiffi.c; sourceTree = "<group>"; };
		1515A78C2B89DB4B00EE537A /* xhistogram.c */ = {isa = PBXFileReference; fileEncoding = 4; lastKnownFileType = sourcecode.c.c; name = xhistogram.c; path = libgit2/deps/xdiff/xhistogram.c; sourceTree = "<group>"; };
		1515A78D2B89DB4B00EE537A /* xpatience.c */ = {isa = PBXFileReference; fileEncoding = 4; lastKnownFileType = sourcecode.c.c; name = xpatience.c; path = libgit2/deps/xdiff/xpatience.c; sourceTree = "<group>"; };
		1515A7952B89DDBD00EE537A /* pack-objects.c */ = {isa = PBXFileReference; fileEncoding = 4; lastKnownFileType = sourcecode.c.c; name = "pack-objects.c"; path = "libgit2/src/libgit2/pack-objects.c"; sourceTree = "<group>"; };
		1515A7972B89DE0800EE537A /* tree-cache.c */ = {isa = PBXFileReference; fileEncoding = 4; lastKnownFileType = sourcecode.c.c; name = "tree-cache.c"; path = "libgit2/src/libgit2/tree-cache.c"; sourceTree = "<group>"; };
		5E6C934C2BEEA0AA00D4092F /* Project.xcconfig */ = {isa = PBXFileReference; lastKnownFileType = text.xcconfig; path = Project.xcconfig; sourceTree = "<group>"; };
		5E6C934D2BEEA0D200D4092F /* DylibTarget.xcconfig */ = {isa = PBXFileReference; lastKnownFileType = text.xcconfig; path = DylibTarget.xcconfig; sourceTree = "<group>"; };
		5E6C934E2BEEAFDF00D4092F /* Packaging.xcconfig */ = {isa = PBXFileReference; lastKnownFileType = text.xcconfig; path = Packaging.xcconfig; sourceTree = "<group>"; };
		5E6C934F2BEEB01A00D4092F /* XcodePackaging.xcconfig */ = {isa = PBXFileReference; lastKnownFileType = text.xcconfig; path = XcodePackaging.xcconfig; sourceTree = "<group>"; };
		5E6C93502BEEB03700D4092F /* SwiftPlaygroundsPackaging.xcconfig */ = {isa = PBXFileReference; lastKnownFileType = text.xcconfig; path = SwiftPlaygroundsPackaging.xcconfig; sourceTree = "<group>"; };
		5E6C93522BEEB33F00D4092F /* module.modulemap */ = {isa = PBXFileReference; lastKnownFileType = "sourcecode.module-map"; path = module.modulemap; sourceTree = "<group>"; };
		912E84592799EDF60083F451 /* README.md */ = {isa = PBXFileReference; lastKnownFileType = net.daringfireball.markdown; path = README.md; sourceTree = "<group>"; };
		B70C57C9187E3E450077112E /* libgit2.dylib */ = {isa = PBXFileReference; explicitFileType = "compiled.mach-o.dylib"; includeInIndex = 0; path = libgit2.dylib; sourceTree = BUILT_PRODUCTS_DIR; };
		B775F33B1C3D929500B94367 /* GSS.framework */ = {isa = PBXFileReference; lastKnownFileType = wrapper.framework; name = GSS.framework; path = System/Library/Frameworks/GSS.framework; sourceTree = SDKROOT; };
		B77DA0E21BD9AC1500126F88 /* CoreFoundation.framework */ = {isa = PBXFileReference; lastKnownFileType = wrapper.framework; name = CoreFoundation.framework; path = System/Library/Frameworks/CoreFoundation.framework; sourceTree = SDKROOT; };
		B77DA0E41BD9AC1C00126F88 /* Security.framework */ = {isa = PBXFileReference; lastKnownFileType = wrapper.framework; name = Security.framework; path = System/Library/Frameworks/Security.framework; sourceTree = SDKROOT; };
		B79674A8188DFCDC005E9FF9 /* git2 */ = {isa = PBXFileReference; lastKnownFileType = folder; name = git2; path = libgit2/include/git2; sourceTree = "<group>"; };
		B79674A9188DFCDC005E9FF9 /* git2.h */ = {isa = PBXFileReference; fileEncoding = 4; lastKnownFileType = sourcecode.c.h; name = git2.h; path = libgit2/include/git2.h; sourceTree = "<group>"; };
		B7B14A961C1F44F500A5CDAD /* libcurl.dylib */ = {isa = PBXFileReference; lastKnownFileType = "compiled.mach-o.dylib"; name = libcurl.dylib; path = usr/lib/libcurl.dylib; sourceTree = SDKROOT; };
		B7B14A981C1F45D100A5CDAD /* libiconv.dylib */ = {isa = PBXFileReference; lastKnownFileType = "compiled.mach-o.dylib"; name = libiconv.dylib; path = usr/lib/libiconv.dylib; sourceTree = SDKROOT; };
		B7DF35001C1BBB060075CDF8 /* libgssapi_krb5.dylib */ = {isa = PBXFileReference; lastKnownFileType = "compiled.mach-o.dylib"; name = libgssapi_krb5.dylib; path = usr/lib/libgssapi_krb5.dylib; sourceTree = SDKROOT; };
		B7DF35021C1BBB0C0075CDF8 /* libz.dylib */ = {isa = PBXFileReference; lastKnownFileType = "compiled.mach-o.dylib"; name = libz.dylib; path = usr/lib/libz.dylib; sourceTree = SDKROOT; };
/* End PBXFileReference section */

/* Begin PBXFrameworksBuildPhase section */
		B70C57C6187E3E450077112E /* Frameworks */ = {
			isa = PBXFrameworksBuildPhase;
			buildActionMask = 2147483647;
			files = (
				B7B14A991C1F45D100A5CDAD /* libiconv.dylib in Frameworks */,
				B7DF35031C1BBB0C0075CDF8 /* libz.dylib in Frameworks */,
				B7DF35011C1BBB060075CDF8 /* libgssapi_krb5.dylib in Frameworks */,
				B775F33C1C3D929500B94367 /* GSS.framework in Frameworks */,
				B77DA0E31BD9AC1500126F88 /* CoreFoundation.framework in Frameworks */,
				B77DA0E51BD9AC1C00126F88 /* Security.framework in Frameworks */,
			);
			runOnlyForDeploymentPostprocessing = 0;
		};
/* End PBXFrameworksBuildPhase section */

/* Begin PBXGroup section */
		5E6C934B2BEEA07B00D4092F /* XcodeConfig */ = {
			isa = PBXGroup;
			children = (
				5E6C934C2BEEA0AA00D4092F /* Project.xcconfig */,
				5E6C934D2BEEA0D200D4092F /* DylibTarget.xcconfig */,
				5E6C934E2BEEAFDF00D4092F /* Packaging.xcconfig */,
				5E6C934F2BEEB01A00D4092F /* XcodePackaging.xcconfig */,
				5E6C93502BEEB03700D4092F /* SwiftPlaygroundsPackaging.xcconfig */,
			);
			path = XcodeConfig;
			sourceTree = "<group>";
		};
		B70C57C0187E3E450077112E = {
			isa = PBXGroup;
			children = (
				912E84592799EDF60083F451 /* README.md */,
				5E6C93522BEEB33F00D4092F /* module.modulemap */,
				B79674A7188DFCC7005E9FF9 /* Headers */,
				B7A2AA72187E3E83002143AE /* Source */,
				B77DA0E61BD9AC7700126F88 /* Frameworks */,
				5E6C934B2BEEA07B00D4092F /* XcodeConfig */,
				B70C57CA187E3E450077112E /* Products */,
			);
			sourceTree = "<group>";
		};
		B70C57CA187E3E450077112E /* Products */ = {
			isa = PBXGroup;
			children = (
				B70C57C9187E3E450077112E /* libgit2.dylib */,
			);
			name = Products;
			sourceTree = "<group>";
		};
		B77DA0E61BD9AC7700126F88 /* Frameworks */ = {
			isa = PBXGroup;
			children = (
				B7B14A981C1F45D100A5CDAD /* libiconv.dylib */,
				B7B14A961C1F44F500A5CDAD /* libcurl.dylib */,
				B7DF35021C1BBB0C0075CDF8 /* libz.dylib */,
				B7DF35001C1BBB060075CDF8 /* libgssapi_krb5.dylib */,
				B775F33B1C3D929500B94367 /* GSS.framework */,
				B77DA0E21BD9AC1500126F88 /* CoreFoundation.framework */,
				B77DA0E41BD9AC1C00126F88 /* Security.framework */,
			);
			name = Frameworks;
			sourceTree = "<group>";
		};
		B79674A7188DFCC7005E9FF9 /* Headers */ = {
			isa = PBXGroup;
			children = (
				B79674A8188DFCDC005E9FF9 /* git2 */,
				B79674A9188DFCDC005E9FF9 /* git2.h */,
			);
			name = Headers;
			sourceTree = "<group>";
		};
		B7A2AA72187E3E83002143AE /* Source */ = {
			isa = PBXGroup;
			children = (
				151056AB2B89D07500067B44 /* alloc.c */,
				151055AB2B89C9FF00067B44 /* annotated_commit.c */,
				151055AD2B89C9FF00067B44 /* apply.c */,
				151055A32B89C9FF00067B44 /* attr_file.c */,
				151055A82B89C9FF00067B44 /* attr.c */,
				151055AE2B89C9FF00067B44 /* attrcache.c */,
				1510568B2B89CBED00067B44 /* auth_gssapi.c */,
				1510568D2B89CBED00067B44 /* auth_ntlmclient.c */,
				151056862B89CBED00067B44 /* auth_sspi.c */,
				151056872B89CBED00067B44 /* auth.c */,
				151055A52B89C9FF00067B44 /* blame_git.c */,
				151055A92B89C9FF00067B44 /* blame.c */,
				151055B12B89C9FF00067B44 /* blob.c */,
				151055AC2B89C9FF00067B44 /* branch.c */,
				151055A12B89C9FF00067B44 /* buf.c */,
				151055AF2B89C9FF00067B44 /* cache.c */,
				151055A42B89C9FF00067B44 /* checkout.c */,
				151055A62B89C9FF00067B44 /* cherrypick.c */,
				151055AA2B89C9FF00067B44 /* clone.c */,
				151055B02B89C9FF00067B44 /* commit_graph.c */,
				151055A22B89C9FF00067B44 /* commit_list.c */,
				151055A72B89C9FF00067B44 /* commit.c */,
				151056DF2B89D0C700067B44 /* common_crypto.c */,
				151055C62B89CA3B00067B44 /* config_cache.c */,
				151055C32B89CA3B00067B44 /* config_entries.c */,
				151055C42B89CA3B00067B44 /* config_file.c */,
				151055CC2B89CA3B00067B44 /* config_mem.c */,
				151055C72B89CA3B00067B44 /* config_parse.c */,
				151055CA2B89CA3B00067B44 /* config_snapshot.c */,
				151055C52B89CA3B00067B44 /* config.c */,
				1510568F2B89CBED00067B44 /* credential_helpers.c */,
				151056902B89CBED00067B44 /* credential.c */,
				151055C82B89CA3B00067B44 /* crlf.c */,
				1515A7802B89DAE200EE537A /* crypt_commoncrypto.c */,
				151056AC2B89D07500067B44 /* date.c */,
				151055CB2B89CA3B00067B44 /* delta.c */,
				151055C92B89CA3B00067B44 /* describe.c */,
				151055E02B89CAC800067B44 /* diff_driver.c */,
				151055DC2B89CAC800067B44 /* diff_file.c */,
				151055E22B89CAC800067B44 /* diff_generate.c */,
				151055E62B89CAC800067B44 /* diff_parse.c */,
				151055E32B89CAC800067B44 /* diff_print.c */,
				151055D82B89CAC800067B44 /* diff_stats.c */,
				151055E82B89CAC800067B44 /* diff_tform.c */,
				151055E12B89CAC800067B44 /* diff_xdiff.c */,
				151055DE2B89CAC800067B44 /* diff.c */,
				151055DB2B89CAC800067B44 /* email.c */,
				151055D92B89CAC800067B44 /* errors.c */,
				151056A42B89D01100067B44 /* failalloc.c */,
				151055DA2B89CAC800067B44 /* fetch.c */,
				151055E92B89CAC800067B44 /* fetchhead.c */,
				151056B52B89D07600067B44 /* filebuf.c */,
				151055E52B89CAC800067B44 /* filter.c */,
				151056AA2B89D07500067B44 /* fs_path.c */,
				151056B42B89D07600067B44 /* futils.c */,
				151056932B89CBED00067B44 /* git.c */,
				151055EA2B89CAC800067B44 /* grafts.c */,
				151055E42B89CAC800067B44 /* graph.c */,
				151056B72B89D07600067B44 /* hash.c */,
				151055E72B89CAC800067B44 /* hashsig.c */,
				1515A77D2B89DA6D00EE537A /* http_parser.c */,
				151056892B89CBED00067B44 /* http.c */,
				151056912B89CBED00067B44 /* httpclient.c */,
				151055DD2B89CAC800067B44 /* ident.c */,
				151055DF2B89CAC800067B44 /* idxmap.c */,
				151055EB2B89CAC800067B44 /* ignore.c */,
				151055D72B89CAC800067B44 /* index.c */,
				151056072B89CB4F00067B44 /* indexer.c */,
				151056082B89CB4F00067B44 /* iterator.c */,
				151056202B89CB5000067B44 /* libgit2.c */,
				1510568C2B89CBED00067B44 /* local.c */,
				151056232B89CB5000067B44 /* mailmap.c */,
				151056DA2B89D0AC00067B44 /* map.c */,
				151056772B89CBB700067B44 /* mbedtls.c */,
				1510561A2B89CB5000067B44 /* merge_driver.c */,
				151056132B89CB5000067B44 /* merge_file.c */,
				151056272B89CB5000067B44 /* merge.c */,
				1510560E2B89CB5000067B44 /* message.c */,
				151056012B89CB4F00067B44 /* midx.c */,
				151056222B89CB5000067B44 /* mwindow.c */,
				151056AD2B89D07500067B44 /* net.c */,
				1510560B2B89CB4F00067B44 /* notes.c */,
				1515A7822B89DAE200EE537A /* ntlm.c */,
				151056282B89CB5000067B44 /* object_api.c */,
				1510562D2B89CB5100067B44 /* object.c */,
				1510561B2B89CB5000067B44 /* odb_loose.c */,
				151056182B89CB5000067B44 /* odb_mempack.c */,
				151056102B89CB5000067B44 /* odb_pack.c */,
				151056062B89CB4F00067B44 /* odb.c */,
				1510561D2B89CB5000067B44 /* offmap.c */,
				1510561F2B89CB5000067B44 /* oid.c */,
				151056252B89CB5000067B44 /* oidarray.c */,
				151056032B89CB4F00067B44 /* oidmap.c */,
				1510567B2B89CBB700067B44 /* openssl_dynamic.c */,
				151056742B89CBB700067B44 /* openssl_legacy.c */,
				151056782B89CBB700067B44 /* openssl.c */,
				1515A7952B89DDBD00EE537A /* pack-objects.c */,
				151056172B89CB5000067B44 /* pack.c */,
				1510562F2B89CB5100067B44 /* parse.c */,
				151056292B89CB5000067B44 /* patch_generate.c */,
				1510562A2B89CB5000067B44 /* patch_parse.c */,
				151056092B89CB4F00067B44 /* patch.c */,
				1510561E2B89CB5000067B44 /* path.c */,
				151056022B89CB4F00067B44 /* pathspec.c */,
				151056B92B89D07600067B44 /* pool.c */,
				151056AF2B89D07500067B44 /* posix.c */,
				151056AE2B89D07500067B44 /* pqueue.c */,
				1510560C2B89CB4F00067B44 /* proxy.c */,
				1510562B2B89CB5000067B44 /* push.c */,
				151056B22B89D07600067B44 /* rand.c */,
				1510560A2B89CB4F00067B44 /* reader.c */,
				151056DB2B89D0AC00067B44 /* realpath.c */,
				1510561C2B89CB5000067B44 /* rebase.c */,
				151056122B89CB5000067B44 /* refdb_fs.c */,
				151056162B89CB5000067B44 /* refdb.c */,
				1510560D2B89CB5000067B44 /* reflog.c */,
				151056042B89CB4F00067B44 /* refs.c */,
				151056262B89CB5000067B44 /* refspec.c */,
				151056B82B89D07600067B44 /* regexp.c */,
				151056752B89CBB700067B44 /* registry.c */,
				151056152B89CB5000067B44 /* remote.c */,
				1510562C2B89CB5100067B44 /* repository.c */,
				1510562E2B89CB5100067B44 /* reset.c */,
				1510560F2B89CB5000067B44 /* revert.c */,
				151056242B89CB5000067B44 /* revparse.c */,
				151056142B89CB5000067B44 /* revwalk.c */,
				151056B12B89D07600067B44 /* runtime.c */,
				151056792B89CBB700067B44 /* schannel.c */,
				151056E32B89D0DE00067B44 /* sha1.c */,
				151056192B89CB5000067B44 /* signature.c */,
				151056852B89CBED00067B44 /* smart_pkt.c */,
				1510568E2B89CBED00067B44 /* smart_protocol.c */,
				151056882B89CBED00067B44 /* smart.c */,
				1510567A2B89CBB700067B44 /* socket.c */,
				151056B32B89D07600067B44 /* sortedcache.c */,
				151056922B89CBED00067B44 /* ssh.c */,
				151056212B89CB5000067B44 /* stash.c */,
				151056052B89CB4F00067B44 /* status.c */,
				151056A62B89D01100067B44 /* stdalloc.c */,
				151056B02B89D07600067B44 /* str.c */,
				151056762B89CBB700067B44 /* stransport.c */,
				151056112B89CB5000067B44 /* strarray.c */,
				151056B62B89D07600067B44 /* strmap.c */,
				151056662B89CB8D00067B44 /* submodule.c */,
				151056652B89CB8D00067B44 /* sysdir.c */,
				151056672B89CB8E00067B44 /* tag.c */,
				151056CD2B89D09700067B44 /* thread.c */,
				151056622B89CB8D00067B44 /* threadstate.c */,
				151056732B89CBB700067B44 /* tls.c */,
				1510565F2B89CB8D00067B44 /* trace.c */,
				151056682B89CB8E00067B44 /* trailer.c */,
				151056632B89CB8D00067B44 /* transaction.c */,
				151056612B89CB8D00067B44 /* transport.c */,
				1515A7972B89DE0800EE537A /* tree-cache.c */,
				151056642B89CB8D00067B44 /* tree.c */,
				151056CB2B89D09700067B44 /* tsort.c */,
				151056E22B89D0DE00067B44 /* ubc_check.c */,
				1515A7812B89DAE200EE537A /* unicode_iconv.c */,
				151056CA2B89D09700067B44 /* utf8.c */,
				1515A77F2B89DAE200EE537A /* util.c */,
				151056CF2B89D09700067B44 /* util.c */,
				151056D02B89D09700067B44 /* varint.c */,
				151056D12B89D09700067B44 /* vector.c */,
				151056CE2B89D09700067B44 /* wildmatch.c */,
				151056A52B89D01100067B44 /* win32_leakcheck.c */,
				1510568A2B89CBED00067B44 /* winhttp.c */,
				151056602B89CB8D00067B44 /* worktree.c */,
				1515A78B2B89DB4B00EE537A /* xdiffi.c */,
				1515A78A2B89DB4B00EE537A /* xemit.c */,
				1515A78C2B89DB4B00EE537A /* xhistogram.c */,
				1515A7882B89DB4B00EE537A /* xmerge.c */,
				1515A78D2B89DB4B00EE537A /* xpatience.c */,
				1515A7872B89DB4B00EE537A /* xprepare.c */,
				1515A7892B89DB4B00EE537A /* xutils.c */,
				151056CC2B89D09700067B44 /* zstream.c */,
			);
			name = Source;
			sourceTree = "<group>";
		};
/* End PBXGroup section */

/* Begin PBXHeadersBuildPhase section */
		B70C57C7187E3E450077112E /* Headers */ = {
			isa = PBXHeadersBuildPhase;
			buildActionMask = 2147483647;
			files = (
				B79674AC188DFCEB005E9FF9 /* git2.h in Headers */,
				B79674AB188DFCE9005E9FF9 /* git2 in Headers */,
				5E6C93532BEEBD9500D4092F /* module.modulemap in Headers */,
			);
			runOnlyForDeploymentPostprocessing = 0;
		};
/* End PBXHeadersBuildPhase section */

/* Begin PBXNativeTarget section */
		B70C57C8187E3E450077112E /* git2 */ = {
			isa = PBXNativeTarget;
			buildConfigurationList = B70C57CD187E3E450077112E /* Build configuration list for PBXNativeTarget "git2" */;
			buildPhases = (
				B70C57C5187E3E450077112E /* Sources */,
				B70C57C6187E3E450077112E /* Frameworks */,
				B70C57C7187E3E450077112E /* Headers */,
			);
			buildRules = (
			);
			dependencies = (
			);
			name = git2;
			productName = git2;
			productReference = B70C57C9187E3E450077112E /* libgit2.dylib */;
			productType = "com.apple.product-type.library.dynamic";
		};
/* End PBXNativeTarget section */

/* Begin PBXProject section */
		B70C57C1187E3E450077112E /* Project object */ = {
			isa = PBXProject;
			attributes = {
				BuildIndependentTargetsInParallel = YES;
				LastUpgradeCheck = 0510;
				TargetAttributes = {
					1A1217A628E4F17700FBD206 = {
						CreatedOnToolsVersion = 14.1;
						DevelopmentTeam = ND2GJ3QDLH;
						ProvisioningStyle = Automatic;
					};
					5E94DFF82BEE95FB00D1CFC4 = {
						CreatedOnToolsVersion = 16.0;
					};
				};
			};
			buildConfigurationList = B70C57C4187E3E450077112E /* Build configuration list for PBXProject "libgit2" */;
			compatibilityVersion = "Xcode 3.2";
			developmentRegion = English;
			hasScannedForEncodings = 0;
			knownRegions = (
				English,
				en,
			);
			mainGroup = B70C57C0187E3E450077112E;
			productRefGroup = B70C57CA187E3E450077112E /* Products */;
			projectDirPath = "";
			projectRoot = "";
			targets = (
				B70C57C8187E3E450077112E /* git2 */,
				1A1217A628E4F17700FBD206 /* libgit2-aggregate */,
				5E94DFF82BEE95FB00D1CFC4 /* BNI_SwiftPlaygrounds */,
			);
		};
/* End PBXProject section */

/* Begin PBXSourcesBuildPhase section */
		B70C57C5187E3E450077112E /* Sources */ = {
			isa = PBXSourcesBuildPhase;
			buildActionMask = 2147483647;
			files = (
				151055FD2B89CAC800067B44 /* diff_tform.c in Sources */,
				151056BB2B89D07600067B44 /* alloc.c in Sources */,
				151056E42B89D0DE00067B44 /* ubc_check.c in Sources */,
				1510569B2B89CBED00067B44 /* local.c in Sources */,
				151056D82B89D09800067B44 /* varint.c in Sources */,
				151056512B89CB5100067B44 /* mwindow.c in Sources */,
				151056422B89CB5100067B44 /* merge_file.c in Sources */,
				151056492B89CB5100067B44 /* merge_driver.c in Sources */,
				151056A02B89CBED00067B44 /* httpclient.c in Sources */,
				1510564C2B89CB5100067B44 /* offmap.c in Sources */,
				151056E12B89D0C700067B44 /* common_crypto.c in Sources */,
				151056542B89CB5100067B44 /* oidarray.c in Sources */,
				151055F02B89CAC800067B44 /* email.c in Sources */,
				151055BA2B89C9FF00067B44 /* blame.c in Sources */,
				151056C72B89D07600067B44 /* hash.c in Sources */,
				151056842B89CBB700067B44 /* openssl_dynamic.c in Sources */,
				151055F82B89CAC800067B44 /* diff_print.c in Sources */,
				1510564F2B89CB5100067B44 /* libgit2.c in Sources */,
				151056712B89CB8E00067B44 /* tag.c in Sources */,
				151056522B89CB5100067B44 /* mailmap.c in Sources */,
				1515A78F2B89DB4B00EE537A /* xmerge.c in Sources */,
				151056D62B89D09800067B44 /* wildmatch.c in Sources */,
				151056C92B89D07600067B44 /* pool.c in Sources */,
				151056D92B89D09800067B44 /* vector.c in Sources */,
				151055EF2B89CAC800067B44 /* fetch.c in Sources */,
				151056592B89CB5100067B44 /* patch_parse.c in Sources */,
				151055D22B89CA3B00067B44 /* crlf.c in Sources */,
				151055B32B89C9FF00067B44 /* commit_list.c in Sources */,
				1510563D2B89CB5100067B44 /* message.c in Sources */,
				151055B72B89C9FF00067B44 /* cherrypick.c in Sources */,
				151056C22B89D07600067B44 /* rand.c in Sources */,
				1515A7842B89DAE200EE537A /* crypt_commoncrypto.c in Sources */,
				151055EE2B89CAC800067B44 /* errors.c in Sources */,
				151056BA2B89D07600067B44 /* fs_path.c in Sources */,
				151056812B89CBB700067B44 /* openssl.c in Sources */,
				1510566A2B89CB8E00067B44 /* worktree.c in Sources */,
				151055ED2B89CAC800067B44 /* diff_stats.c in Sources */,
				151055F42B89CAC800067B44 /* idxmap.c in Sources */,
				151056822B89CBB700067B44 /* schannel.c in Sources */,
				1515A7922B89DB4B00EE537A /* xdiffi.c in Sources */,
				1510569E2B89CBED00067B44 /* credential_helpers.c in Sources */,
				1510567D2B89CBB700067B44 /* openssl_legacy.c in Sources */,
				151056482B89CB5100067B44 /* signature.c in Sources */,
				151056532B89CB5100067B44 /* revparse.c in Sources */,
				151056322B89CB5100067B44 /* oidmap.c in Sources */,
				1515A7942B89DB4B00EE537A /* xpatience.c in Sources */,
				151055FF2B89CAC800067B44 /* grafts.c in Sources */,
				1510563F2B89CB5100067B44 /* odb_pack.c in Sources */,
				151056972B89CBED00067B44 /* smart.c in Sources */,
				151055EC2B89CAC800067B44 /* index.c in Sources */,
				151056C52B89D07600067B44 /* filebuf.c in Sources */,
				151055F72B89CAC800067B44 /* diff_generate.c in Sources */,
				151055BD2B89C9FF00067B44 /* branch.c in Sources */,
				1515A7962B89DDBD00EE537A /* pack-objects.c in Sources */,
				151055F32B89CAC800067B44 /* diff.c in Sources */,
				151056A82B89D01100067B44 /* win32_leakcheck.c in Sources */,
				151056302B89CB5100067B44 /* midx.c in Sources */,
				151056C02B89D07600067B44 /* str.c in Sources */,
				151056D32B89D09800067B44 /* tsort.c in Sources */,
				1510565C2B89CB5100067B44 /* object.c in Sources */,
				1510563B2B89CB5100067B44 /* proxy.c in Sources */,
				151055B92B89C9FF00067B44 /* attr.c in Sources */,
				1515A7832B89DAE200EE537A /* util.c in Sources */,
				151055B52B89C9FF00067B44 /* checkout.c in Sources */,
				151056952B89CBED00067B44 /* auth_sspi.c in Sources */,
				151055F12B89CAC800067B44 /* diff_file.c in Sources */,
				151055FC2B89CAC800067B44 /* hashsig.c in Sources */,
				151056C62B89D07600067B44 /* strmap.c in Sources */,
				151056722B89CB8E00067B44 /* trailer.c in Sources */,
				151055B22B89C9FF00067B44 /* buf.c in Sources */,
				1510565D2B89CB5100067B44 /* reset.c in Sources */,
				151055D62B89CA3B00067B44 /* config_mem.c in Sources */,
				151056692B89CB8E00067B44 /* trace.c in Sources */,
				151056392B89CB5100067B44 /* reader.c in Sources */,
				151056BE2B89D07600067B44 /* pqueue.c in Sources */,
				151056572B89CB5100067B44 /* object_api.c in Sources */,
				1510563E2B89CB5100067B44 /* revert.c in Sources */,
				1510566D2B89CB8E00067B44 /* transaction.c in Sources */,
				151056982B89CBED00067B44 /* http.c in Sources */,
				151055F92B89CAC800067B44 /* graph.c in Sources */,
				151056BD2B89D07600067B44 /* net.c in Sources */,
				1515A7902B89DB4B00EE537A /* xutils.c in Sources */,
				151055F52B89CAC800067B44 /* diff_driver.c in Sources */,
				151055CE2B89CA3B00067B44 /* config_file.c in Sources */,
				151056352B89CB5100067B44 /* odb.c in Sources */,
				1515A7932B89DB4B00EE537A /* xhistogram.c in Sources */,
				1510564E2B89CB5100067B44 /* oid.c in Sources */,
				151055F22B89CAC800067B44 /* ident.c in Sources */,
				151056372B89CB5100067B44 /* iterator.c in Sources */,
				151056382B89CB5100067B44 /* patch.c in Sources */,
				151056552B89CB5100067B44 /* refspec.c in Sources */,
				1515A7852B89DAE200EE537A /* unicode_iconv.c in Sources */,
				1510569C2B89CBED00067B44 /* auth_ntlmclient.c in Sources */,
				151056DC2B89D0AC00067B44 /* map.c in Sources */,
				151056A72B89D01100067B44 /* failalloc.c in Sources */,
				151056A92B89D01100067B44 /* stdalloc.c in Sources */,
				151056452B89CB5100067B44 /* refdb.c in Sources */,
				151056BF2B89D07600067B44 /* posix.c in Sources */,
				151055F62B89CAC800067B44 /* diff_xdiff.c in Sources */,
				1510563C2B89CB5100067B44 /* reflog.c in Sources */,
				1510565E2B89CB5100067B44 /* parse.c in Sources */,
				1510569F2B89CBED00067B44 /* credential.c in Sources */,
				151056962B89CBED00067B44 /* auth.c in Sources */,
				151055BF2B89C9FF00067B44 /* attrcache.c in Sources */,
				151055CD2B89CA3B00067B44 /* config_entries.c in Sources */,
				151055BE2B89C9FF00067B44 /* apply.c in Sources */,
				151056432B89CB5100067B44 /* revwalk.c in Sources */,
				151055C22B89C9FF00067B44 /* blob.c in Sources */,
				151056362B89CB5100067B44 /* indexer.c in Sources */,
				151056342B89CB5100067B44 /* status.c in Sources */,
				1510567E2B89CBB700067B44 /* registry.c in Sources */,
				151056E52B89D0DE00067B44 /* sha1.c in Sources */,
				151056C32B89D07600067B44 /* sortedcache.c in Sources */,
				151056462B89CB5100067B44 /* pack.c in Sources */,
				151056D22B89D09800067B44 /* utf8.c in Sources */,
				151056472B89CB5100067B44 /* odb_mempack.c in Sources */,
				1510565B2B89CB5100067B44 /* repository.c in Sources */,
				1510564D2B89CB5100067B44 /* path.c in Sources */,
				151056832B89CBB700067B44 /* socket.c in Sources */,
				151055D02B89CA3B00067B44 /* config_cache.c in Sources */,
				1515A78E2B89DB4B00EE537A /* xprepare.c in Sources */,
				151055D42B89CA3B00067B44 /* config_snapshot.c in Sources */,
				151055C12B89C9FF00067B44 /* commit_graph.c in Sources */,
				151056D72B89D09800067B44 /* util.c in Sources */,
				151056312B89CB5100067B44 /* pathspec.c in Sources */,
				1510567C2B89CBB700067B44 /* tls.c in Sources */,
				151056442B89CB5100067B44 /* remote.c in Sources */,
				1515A7862B89DAE200EE537A /* ntlm.c in Sources */,
				151056942B89CBED00067B44 /* smart_pkt.c in Sources */,
				151055FA2B89CAC800067B44 /* filter.c in Sources */,
				151055C02B89C9FF00067B44 /* cache.c in Sources */,
				151056BC2B89D07600067B44 /* date.c in Sources */,
				1510563A2B89CB5100067B44 /* notes.c in Sources */,
				151056502B89CB5100067B44 /* stash.c in Sources */,
				151056332B89CB5100067B44 /* refs.c in Sources */,
				151056C42B89D07600067B44 /* futils.c in Sources */,
				151056412B89CB5100067B44 /* refdb_fs.c in Sources */,
				151056A12B89CBED00067B44 /* ssh.c in Sources */,
				151055B82B89C9FF00067B44 /* commit.c in Sources */,
				1510566E2B89CB8E00067B44 /* tree.c in Sources */,
				151055FB2B89CAC800067B44 /* diff_parse.c in Sources */,
				151055BB2B89C9FF00067B44 /* clone.c in Sources */,
				1515A7982B89DE0800EE537A /* tree-cache.c in Sources */,
				151055FE2B89CAC800067B44 /* fetchhead.c in Sources */,
				151056C82B89D07600067B44 /* regexp.c in Sources */,
				151055D12B89CA3B00067B44 /* config_parse.c in Sources */,
				1510567F2B89CBB700067B44 /* stransport.c in Sources */,
				1510565A2B89CB5100067B44 /* push.c in Sources */,
				151055B62B89C9FF00067B44 /* blame_git.c in Sources */,
				1515A7912B89DB4B00EE537A /* xemit.c in Sources */,
				1510564B2B89CB5100067B44 /* rebase.c in Sources */,
				151056802B89CBB700067B44 /* mbedtls.c in Sources */,
				151056562B89CB5100067B44 /* merge.c in Sources */,
				1510569D2B89CBED00067B44 /* smart_protocol.c in Sources */,
				1510569A2B89CBED00067B44 /* auth_gssapi.c in Sources */,
				151055D32B89CA3B00067B44 /* describe.c in Sources */,
				151056582B89CB5100067B44 /* patch_generate.c in Sources */,
				151056C12B89D07600067B44 /* runtime.c in Sources */,
				1515A77E2B89DA6D00EE537A /* http_parser.c in Sources */,
				151056D52B89D09800067B44 /* thread.c in Sources */,
				151056A22B89CBED00067B44 /* git.c in Sources */,
				151056D42B89D09800067B44 /* zstream.c in Sources */,
				151055B42B89C9FF00067B44 /* attr_file.c in Sources */,
				151056DD2B89D0AC00067B44 /* realpath.c in Sources */,
				1510566B2B89CB8E00067B44 /* transport.c in Sources */,
				151056702B89CB8E00067B44 /* submodule.c in Sources */,
				151055BC2B89C9FF00067B44 /* annotated_commit.c in Sources */,
				151056A32B89CC2300067B44 /* winhttp.c in Sources */,
				1510566F2B89CB8E00067B44 /* sysdir.c in Sources */,
				151056002B89CAC800067B44 /* ignore.c in Sources */,
				151055D52B89CA3B00067B44 /* delta.c in Sources */,
				151056402B89CB5100067B44 /* strarray.c in Sources */,
				1510566C2B89CB8E00067B44 /* threadstate.c in Sources */,
				1510564A2B89CB5100067B44 /* odb_loose.c in Sources */,
				151055CF2B89CA3B00067B44 /* config.c in Sources */,
			);
			runOnlyForDeploymentPostprocessing = 0;
		};
/* End PBXSourcesBuildPhase section */

/* Begin PBXTargetDependency section */
		1A1217B328E4F3E300FBD206 /* PBXTargetDependency */ = {
			isa = PBXTargetDependency;
			target = B70C57C8187E3E450077112E /* git2 */;
			targetProxy = 1A1217B228E4F3E300FBD206 /* PBXContainerItemProxy */;
		};
		5E94DFFD2BEE960C00D1CFC4 /* PBXTargetDependency */ = {
			isa = PBXTargetDependency;
			target = B70C57C8187E3E450077112E /* git2 */;
			targetProxy = 5E94DFFC2BEE960C00D1CFC4 /* PBXContainerItemProxy */;
		};
/* End PBXTargetDependency section */

/* Begin XCBuildConfiguration section */
		1A1217B028E4F33600FBD206 /* Release */ = {
			isa = XCBuildConfiguration;
			buildSettings = {
				COPY_PHASE_STRIP = YES;
				DEBUG_INFORMATION_FORMAT = "dwarf-with-dsym";
				PRODUCT_BUNDLE_IDENTIFIER = com.apple.dt.libgit2;
				PRODUCT_NAME = "libgit2-aggregate";
			};
			name = Release;
		};
		1A1217B128E4F33600FBD206 /* Debug */ = {
			isa = XCBuildConfiguration;
			buildSettings = {
				COPY_PHASE_STRIP = NO;
				GCC_DYNAMIC_NO_PIC = NO;
				GCC_OPTIMIZATION_LEVEL = 0;
				PRODUCT_BUNDLE_IDENTIFIER = com.apple.dt.libgit2;
				PRODUCT_NAME = "libgit2-aggregate";
			};
			name = Debug;
		};
		5E94DFF92BEE95FB00D1CFC4 /* Release */ = {
			isa = XCBuildConfiguration;
			buildSettings = {
				PRODUCT_NAME = "$(TARGET_NAME)";
			};
			name = Release;
		};
		5E94DFFA2BEE95FB00D1CFC4 /* Debug */ = {
			isa = XCBuildConfiguration;
			buildSettings = {
				PRODUCT_NAME = "$(TARGET_NAME)";
			};
			name = Debug;
		};
		91BB7D5722C2875900B2509D /* Debug */ = {
			isa = XCBuildConfiguration;
			baseConfigurationReference = 5E6C934C2BEEA0AA00D4092F /* Project.xcconfig */;
			buildSettings = {
			};
			name = Debug;
		};
		91BB7D5822C2875900B2509D /* Debug */ = {
			isa = XCBuildConfiguration;
			baseConfigurationReference = 5E6C934D2BEEA0D200D4092F /* DylibTarget.xcconfig */;
			buildSettings = {
			};
			name = Debug;
		};
		B70C57CC187E3E450077112E /* Release */ = {
			isa = XCBuildConfiguration;
			baseConfigurationReference = 5E6C934C2BEEA0AA00D4092F /* Project.xcconfig */;
			buildSettings = {
			};
			name = Release;
		};
		B70C57CF187E3E450077112E /* Release */ = {
			isa = XCBuildConfiguration;
			baseConfigurationReference = 5E6C934D2BEEA0D200D4092F /* DylibTarget.xcconfig */;
			buildSettings = {
			};
			name = Release;
		};
/* End XCBuildConfiguration section */

/* Begin XCConfigurationList section */
		1A1217A728E4F17700FBD206 /* Build configuration list for PBXAggregateTarget "libgit2-aggregate" */ = {
			isa = XCConfigurationList;
			buildConfigurations = (
				1A1217B028E4F33600FBD206 /* Release */,
				1A1217B128E4F33600FBD206 /* Debug */,
			);
			defaultConfigurationIsVisible = 0;
			defaultConfigurationName = Release;
		};
		5E94DFFB2BEE95FB00D1CFC4 /* Build configuration list for PBXAggregateTarget "BNI_SwiftPlaygrounds" */ = {
			isa = XCConfigurationList;
			buildConfigurations = (
				5E94DFF92BEE95FB00D1CFC4 /* Release */,
				5E94DFFA2BEE95FB00D1CFC4 /* Debug */,
			);
			defaultConfigurationIsVisible = 0;
			defaultConfigurationName = Release;
		};
		B70C57C4187E3E450077112E /* Build configuration list for PBXProject "libgit2" */ = {
			isa = XCConfigurationList;
			buildConfigurations = (
				B70C57CC187E3E450077112E /* Release */,
				91BB7D5722C2875900B2509D /* Debug */,
			);
			defaultConfigurationIsVisible = 0;
			defaultConfigurationName = Release;
		};
		B70C57CD187E3E450077112E /* Build configuration list for PBXNativeTarget "git2" */ = {
			isa = XCConfigurationList;
			buildConfigurations = (
				B70C57CF187E3E450077112E /* Release */,
				91BB7D5822C2875900B2509D /* Debug */,
			);
			defaultConfigurationIsVisible = 0;
			defaultConfigurationName = Release;
		};
/* End XCConfigurationList section */
	};
	rootObject = B70C57C1187E3E450077112E /* Project object */;
}
